// !$*UTF8*$!
{
	archiveVersion = 1;
	classes = {
	};
	objectVersion = 54;
	objects = {
/* Begin PBXBuildFile section */
		6C4F0E917F0A407E8485310C /* KeychainStore.swift in Sources */ = {isa = PBXBuildFile; fileRef = 7CA73A1BF775496BADF5CA6D /* KeychainStore.swift */; };
		804F4DE6DB4E495EAB1AD4E6 /* MissAVAccount.swift in Sources */ = {isa = PBXBuildFile; fileRef = EBC3804E5E1445D2806425E3 /* MissAVAccount.swift */; };
		E9E0CAD8C26744BDBFB40E42 /* App.swift in Sources */ = {isa = PBXBuildFile; fileRef = 360F263C8E7640BB895D26C3 /* App.swift */; };
		C7A08E406C294996905F677F /* JableTVBrowser.swift in Sources */ = {isa = PBXBuildFile; fileRef = AE9361B486DC42ABB98BD476 /* JableTVBrowser.swift */; };
		E89BC6F292EA41EA89FB0362 /* MissAVBrowser.swift in Sources */ = {isa = PBXBuildFile; fileRef = 859D519A115D4BAFAA93FBA7 /* MissAVBrowser.swift */; };
		A1CA83EDC27E46D2B06B430B /* SiteBrowser.swift in Sources */ = {isa = PBXBuildFile; fileRef = 87E4FB0B28E94DF7A0108F3A /* SiteBrowser.swift */; };
		36C9C5CDED7B4FBD8B9B8B30 /* SiteCatalog.swift in Sources */ = {isa = PBXBuildFile; fileRef = C6B83BA1AFAC431ABD355BF7 /* SiteCatalog.swift */; };
		8A5F0D62FA224ED58EC83136 /* SupJavBrowser.swift in Sources */ = {isa = PBXBuildFile; fileRef = 19D3B13A76E54C67903A2572 /* SupJavBrowser.swift */; };
		BEE2DD9AF81D4784830B770D /* ContentView.swift in Sources */ = {isa = PBXBuildFile; fileRef = DC58021AADDF4FF9AE85079A /* ContentView.swift */; };
		F286FDABD0244031A43AEA46 /* ExtractorRegistry.swift in Sources */ = {isa = PBXBuildFile; fileRef = 7011FB409B7D4381A783CAFF /* ExtractorRegistry.swift */; };
		1058FDA4425C455FA5A0F342 /* JableTVExtractor.swift in Sources */ = {isa = PBXBuildFile; fileRef = CBF078DE226143DBA959D419 /* JableTVExtractor.swift */; };
		13402930B6DB4AD989441069 /* MissAVExtractor.swift in Sources */ = {isa = PBXBuildFile; fileRef = 99FED9351DFF4904BAB99A15 /* MissAVExtractor.swift */; };
		DB8B3205054B481B94FF9A03 /* SiteExtractor.swift in Sources */ = {isa = PBXBuildFile; fileRef = 8D9A420FC7614FA6AE5CD749 /* SiteExtractor.swift */; };
		7B03FD079B9240438678E9C9 /* SupJavExtractor.swift in Sources */ = {isa = PBXBuildFile; fileRef = 953B006178694B8996494711 /* SupJavExtractor.swift */; };
		18FB857E232A4063917B6F32 /* ExtractedVideo.swift in Sources */ = {isa = PBXBuildFile; fileRef = 6E0091A8DC494FE59D76827A /* ExtractedVideo.swift */; };
		67AE9D46D57248DB9FA15AA6 /* ExtractionError.swift in Sources */ = {isa = PBXBuildFile; fileRef = B384DF4B49474FE78C2EFD74 /* ExtractionError.swift */; };
		5E5F4F88820D4FF880993930 /* VideoListing.swift in Sources */ = {isa = PBXBuildFile; fileRef = 600B945E632949FC90B81C17 /* VideoListing.swift */; };
		2BCC6BC506594C09A8E92A9F /* HLSVariantSelector.swift in Sources */ = {isa = PBXBuildFile; fileRef = 506A93E6072F47A2B6A72A60 /* HLSVariantSelector.swift */; };
		47A5ABD4D61B4C269D9A66D1 /* HTTPClient.swift in Sources */ = {isa = PBXBuildFile; fileRef = 47F49A9535EF4622BB27453E /* HTTPClient.swift */; };
		9586335ADD42434198A607DA /* PackedJSDecoder.swift in Sources */ = {isa = PBXBuildFile; fileRef = 1C274DBDA1814AFFB9899058 /* PackedJSDecoder.swift */; };
		318977799F95416DA79453E9 /* RegexUtils.swift in Sources */ = {isa = PBXBuildFile; fileRef = 5573868431E549F28612CFBE /* RegexUtils.swift */; };
		CBE93A8FD1E048A091B775B0 /* PlaylistBuilder.swift in Sources */ = {isa = PBXBuildFile; fileRef = 2BE1BF82E3804EB494B49A8F /* PlaylistBuilder.swift */; };
		94BA2DB89A844E899C4E34A8 /* ResolutionPreference.swift in Sources */ = {isa = PBXBuildFile; fileRef = B4DE367C8EDE46FFBC0F5126 /* ResolutionPreference.swift */; };
		29465F49FC1947CDA45B0891 /* ShareSheet.swift in Sources */ = {isa = PBXBuildFile; fileRef = 6206B96CE9A240698D413007 /* ShareSheet.swift */; };
		EB087E2D1878412C93A6FA39 /* VLCOpener.swift in Sources */ = {isa = PBXBuildFile; fileRef = B3679376846F486BADCD1343 /* VLCOpener.swift */; };
		0CC38638CF8944469006B587 /* PlaylistJob.swift in Sources */ = {isa = PBXBuildFile; fileRef = 16A8E3A2B8A9405EA496EE8E /* PlaylistJob.swift */; };
		3104C5242E604991A9446F6B /* QueueStore.swift in Sources */ = {isa = PBXBuildFile; fileRef = 7C6B370942534DC086C512BE /* QueueStore.swift */; };
		FEAA0A30B6424926BDB003F9 /* AccountView.swift in Sources */ = {isa = PBXBuildFile; fileRef = 7C439187CC384D4A89A3D3DE /* AccountView.swift */; };
		ADE543747E4C4FBEB31B9157 /* AddByURLView.swift in Sources */ = {isa = PBXBuildFile; fileRef = 253E0857CC43419E9312686A /* AddByURLView.swift */; };
		943DC72BBE1A4F7E988E570D /* CategoryListView.swift in Sources */ = {isa = PBXBuildFile; fileRef = 4F287CF8695B4ED49957D903 /* CategoryListView.swift */; };
		EF03546771EC4B32A71AEBF1 /* QueueView.swift in Sources */ = {isa = PBXBuildFile; fileRef = E91C6A0A1CD44796962E7E23 /* QueueView.swift */; };
		1A59D97F660B410FA6CF8ED6 /* SitesView.swift in Sources */ = {isa = PBXBuildFile; fileRef = 4B2BED068F2842D194C27C4A /* SitesView.swift */; };
		9B65A771E9AE4927BCEE9362 /* VideoGridView.swift in Sources */ = {isa = PBXBuildFile; fileRef = 5CE1B6D7D413481BAF85339B /* VideoGridView.swift */; };
		1864FC9507C74040B1C7B430 /* SwiftSoup in Frameworks */ = {isa = PBXBuildFile; productRef = F0CB0F99EC2C469DBD9035F9 /* SwiftSoup */; };
/* End PBXBuildFile section */
/* Begin PBXFileReference section */
		7CA73A1BF775496BADF5CA6D /* KeychainStore.swift */ = {isa = PBXFileReference; lastKnownFileType = sourcecode.swift; path = KeychainStore.swift; sourceTree = "<group>"; };
		EBC3804E5E1445D2806425E3 /* MissAVAccount.swift */ = {isa = PBXFileReference; lastKnownFileType = sourcecode.swift; path = MissAVAccount.swift; sourceTree = "<group>"; };
		360F263C8E7640BB895D26C3 /* App.swift */ = {isa = PBXFileReference; lastKnownFileType = sourcecode.swift; path = App.swift; sourceTree = "<group>"; };
		AE9361B486DC42ABB98BD476 /* JableTVBrowser.swift */ = {isa = PBXFileReference; lastKnownFileType = sourcecode.swift; path = JableTVBrowser.swift; sourceTree = "<group>"; };
		859D519A115D4BAFAA93FBA7 /* MissAVBrowser.swift */ = {isa = PBXFileReference; lastKnownFileType = sourcecode.swift; path = MissAVBrowser.swift; sourceTree = "<group>"; };
		87E4FB0B28E94DF7A0108F3A /* SiteBrowser.swift */ = {isa = PBXFileReference; lastKnownFileType = sourcecode.swift; path = SiteBrowser.swift; sourceTree = "<group>"; };
		C6B83BA1AFAC431ABD355BF7 /* SiteCatalog.swift */ = {isa = PBXFileReference; lastKnownFileType = sourcecode.swift; path = SiteCatalog.swift; sourceTree = "<group>"; };
		19D3B13A76E54C67903A2572 /* SupJavBrowser.swift */ = {isa = PBXFileReference; lastKnownFileType = sourcecode.swift; path = SupJavBrowser.swift; sourceTree = "<group>"; };
		DC58021AADDF4FF9AE85079A /* ContentView.swift */ = {isa = PBXFileReference; lastKnownFileType = sourcecode.swift; path = ContentView.swift; sourceTree = "<group>"; };
		7011FB409B7D4381A783CAFF /* ExtractorRegistry.swift */ = {isa = PBXFileReference; lastKnownFileType = sourcecode.swift; path = ExtractorRegistry.swift; sourceTree = "<group>"; };
		CBF078DE226143DBA959D419 /* JableTVExtractor.swift */ = {isa = PBXFileReference; lastKnownFileType = sourcecode.swift; path = JableTVExtractor.swift; sourceTree = "<group>"; };
		99FED9351DFF4904BAB99A15 /* MissAVExtractor.swift */ = {isa = PBXFileReference; lastKnownFileType = sourcecode.swift; path = MissAVExtractor.swift; sourceTree = "<group>"; };
		8D9A420FC7614FA6AE5CD749 /* SiteExtractor.swift */ = {isa = PBXFileReference; lastKnownFileType = sourcecode.swift; path = SiteExtractor.swift; sourceTree = "<group>"; };
		953B006178694B8996494711 /* SupJavExtractor.swift */ = {isa = PBXFileReference; lastKnownFileType = sourcecode.swift; path = SupJavExtractor.swift; sourceTree = "<group>"; };
		6E0091A8DC494FE59D76827A /* ExtractedVideo.swift */ = {isa = PBXFileReference; lastKnownFileType = sourcecode.swift; path = ExtractedVideo.swift; sourceTree = "<group>"; };
		B384DF4B49474FE78C2EFD74 /* ExtractionError.swift */ = {isa = PBXFileReference; lastKnownFileType = sourcecode.swift; path = ExtractionError.swift; sourceTree = "<group>"; };
		600B945E632949FC90B81C17 /* VideoListing.swift */ = {isa = PBXFileReference; lastKnownFileType = sourcecode.swift; path = VideoListing.swift; sourceTree = "<group>"; };
		506A93E6072F47A2B6A72A60 /* HLSVariantSelector.swift */ = {isa = PBXFileReference; lastKnownFileType = sourcecode.swift; path = HLSVariantSelector.swift; sourceTree = "<group>"; };
		47F49A9535EF4622BB27453E /* HTTPClient.swift */ = {isa = PBXFileReference; lastKnownFileType = sourcecode.swift; path = HTTPClient.swift; sourceTree = "<group>"; };
		1C274DBDA1814AFFB9899058 /* PackedJSDecoder.swift */ = {isa = PBXFileReference; lastKnownFileType = sourcecode.swift; path = PackedJSDecoder.swift; sourceTree = "<group>"; };
		5573868431E549F28612CFBE /* RegexUtils.swift */ = {isa = PBXFileReference; lastKnownFileType = sourcecode.swift; path = RegexUtils.swift; sourceTree = "<group>"; };
		2BE1BF82E3804EB494B49A8F /* PlaylistBuilder.swift */ = {isa = PBXFileReference; lastKnownFileType = sourcecode.swift; path = PlaylistBuilder.swift; sourceTree = "<group>"; };
		B4DE367C8EDE46FFBC0F5126 /* ResolutionPreference.swift */ = {isa = PBXFileReference; lastKnownFileType = sourcecode.swift; path = ResolutionPreference.swift; sourceTree = "<group>"; };
		6206B96CE9A240698D413007 /* ShareSheet.swift */ = {isa = PBXFileReference; lastKnownFileType = sourcecode.swift; path = ShareSheet.swift; sourceTree = "<group>"; };
		B3679376846F486BADCD1343 /* VLCOpener.swift */ = {isa = PBXFileReference; lastKnownFileType = sourcecode.swift; path = VLCOpener.swift; sourceTree = "<group>"; };
		16A8E3A2B8A9405EA496EE8E /* PlaylistJob.swift */ = {isa = PBXFileReference; lastKnownFileType = sourcecode.swift; path = PlaylistJob.swift; sourceTree = "<group>"; };
		7C6B370942534DC086C512BE /* QueueStore.swift */ = {isa = PBXFileReference; lastKnownFileType = sourcecode.swift; path = QueueStore.swift; sourceTree = "<group>"; };
		7C439187CC384D4A89A3D3DE /* AccountView.swift */ = {isa = PBXFileReference; lastKnownFileType = sourcecode.swift; path = AccountView.swift; sourceTree = "<group>"; };
		253E0857CC43419E9312686A /* AddByURLView.swift */ = {isa = PBXFileReference; lastKnownFileType = sourcecode.swift; path = AddByURLView.swift; sourceTree = "<group>"; };
		4F287CF8695B4ED49957D903 /* CategoryListView.swift */ = {isa = PBXFileReference; lastKnownFileType = sourcecode.swift; path = CategoryListView.swift; sourceTree = "<group>"; };
		E91C6A0A1CD44796962E7E23 /* QueueView.swift */ = {isa = PBXFileReference; lastKnownFileType = sourcecode.swift; path = QueueView.swift; sourceTree = "<group>"; };
		4B2BED068F2842D194C27C4A /* SitesView.swift */ = {isa = PBXFileReference; lastKnownFileType = sourcecode.swift; path = SitesView.swift; sourceTree = "<group>"; };
		5CE1B6D7D413481BAF85339B /* VideoGridView.swift */ = {isa = PBXFileReference; lastKnownFileType = sourcecode.swift; path = VideoGridView.swift; sourceTree = "<group>"; };
		E035B0C7BBB54B5E847D7C32 /* Info-Additions.plist */ = {isa = PBXFileReference; lastKnownFileType = text.plist.xml; path = "Info-Additions.plist"; sourceTree = "<group>"; };
		120BEEFFC9B84F89800BF97F /* UAVPlaylist.app */ = {isa = PBXFileReference; explicitFileType = wrapper.application; includeInIndex = 0; path = UAVPlaylist.app; sourceTree = BUILT_PRODUCTS_DIR; };
/* End PBXFileReference section */
/* Begin PBXFrameworksBuildPhase section */
		8775D3F5779146409D5F69D9 /* Frameworks */ = {
			isa = PBXFrameworksBuildPhase;
			buildActionMask = 2147483647;
			files = (
				1864FC9507C74040B1C7B430 /* SwiftSoup in Frameworks */,
			);
			runOnlyForDeploymentPostprocessing = 0;
		};
/* End PBXFrameworksBuildPhase section */
/* Begin PBXGroup section */
		E85B4A46EBB54629B6B4F049 /* Account */ = {
			isa = PBXGroup;
			children = (
				7CA73A1BF775496BADF5CA6D /* KeychainStore.swift */,
				EBC3804E5E1445D2806425E3 /* MissAVAccount.swift */,
			);
			path = Account;
			sourceTree = "<group>";
		};
		B484E46BB274462DB68BA045 /* Browsers */ = {
			isa = PBXGroup;
			children = (
				AE9361B486DC42ABB98BD476 /* JableTVBrowser.swift */,
				859D519A115D4BAFAA93FBA7 /* MissAVBrowser.swift */,
				87E4FB0B28E94DF7A0108F3A /* SiteBrowser.swift */,
				C6B83BA1AFAC431ABD355BF7 /* SiteCatalog.swift */,
				19D3B13A76E54C67903A2572 /* SupJavBrowser.swift */,
			);
			path = Browsers;
			sourceTree = "<group>";
		};
		D11C5586A5C0413C8E8A1926 /* Extractors */ = {
			isa = PBXGroup;
			children = (
				7011FB409B7D4381A783CAFF /* ExtractorRegistry.swift */,
				CBF078DE226143DBA959D419 /* JableTVExtractor.swift */,
				99FED9351DFF4904BAB99A15 /* MissAVExtractor.swift */,
				8D9A420FC7614FA6AE5CD749 /* SiteExtractor.swift */,
				953B006178694B8996494711 /* SupJavExtractor.swift */,
			);
			path = Extractors;
			sourceTree = "<group>";
		};
		6B5A152C3F4D487485040779 /* Models */ = {
			isa = PBXGroup;
			children = (
				6E0091A8DC494FE59D76827A /* ExtractedVideo.swift */,
				B384DF4B49474FE78C2EFD74 /* ExtractionError.swift */,
				600B945E632949FC90B81C17 /* VideoListing.swift */,
			);
			path = Models;
			sourceTree = "<group>";
		};
		A08097C4665D4F52870BF5E6 /* Networking */ = {
			isa = PBXGroup;
			children = (
				506A93E6072F47A2B6A72A60 /* HLSVariantSelector.swift */,
				47F49A9535EF4622BB27453E /* HTTPClient.swift */,
				1C274DBDA1814AFFB9899058 /* PackedJSDecoder.swift */,
				5573868431E549F28612CFBE /* RegexUtils.swift */,
			);
			path = Networking;
			sourceTree = "<group>";
		};
		7105194D70244ABB94A5CDF4 /* Playlist */ = {
			isa = PBXGroup;
			children = (
				2BE1BF82E3804EB494B49A8F /* PlaylistBuilder.swift */,
				B4DE367C8EDE46FFBC0F5126 /* ResolutionPreference.swift */,
				6206B96CE9A240698D413007 /* ShareSheet.swift */,
				B3679376846F486BADCD1343 /* VLCOpener.swift */,
			);
			path = Playlist;
			sourceTree = "<group>";
		};
		382C9E82BC8344F7BFBC3693 /* Queue */ = {
			isa = PBXGroup;
			children = (
				16A8E3A2B8A9405EA496EE8E /* PlaylistJob.swift */,
				7C6B370942534DC086C512BE /* QueueStore.swift */,
			);
			path = Queue;
			sourceTree = "<group>";
		};
		9A08EB96981C410C8FD08E55 /* Views */ = {
			isa = PBXGroup;
			children = (
				7C439187CC384D4A89A3D3DE /* AccountView.swift */,
				253E0857CC43419E9312686A /* AddByURLView.swift */,
				4F287CF8695B4ED49957D903 /* CategoryListView.swift */,
				E91C6A0A1CD44796962E7E23 /* QueueView.swift */,
				4B2BED068F2842D194C27C4A /* SitesView.swift */,
				5CE1B6D7D413481BAF85339B /* VideoGridView.swift */,
			);
			path = Views;
			sourceTree = "<group>";
		};
		DAFCF31FA6DD45BC83E69F5B /* UAVPlaylistApp */ = {
			isa = PBXGroup;
			children = (
				E85B4A46EBB54629B6B4F049 /* Account */,
				B484E46BB274462DB68BA045 /* Browsers */,
				D11C5586A5C0413C8E8A1926 /* Extractors */,
				6B5A152C3F4D487485040779 /* Models */,
				A08097C4665D4F52870BF5E6 /* Networking */,
				7105194D70244ABB94A5CDF4 /* Playlist */,
				382C9E82BC8344F7BFBC3693 /* Queue */,
				9A08EB96981C410C8FD08E55 /* Views */,
				360F263C8E7640BB895D26C3 /* App.swift */,
				DC58021AADDF4FF9AE85079A /* ContentView.swift */,
			);
			path = UAVPlaylistApp;
			sourceTree = "<group>";
		};
		EC4BA7D44F78453EB181432D /* Support */ = {
			isa = PBXGroup;
			children = (
				E035B0C7BBB54B5E847D7C32 /* Info-Additions.plist */,
			);
			path = Support;
			sourceTree = "<group>";
		};
		F55D26A0C809424EA6CD1EB7 /* Products */ = {
			isa = PBXGroup;
			children = (
				120BEEFFC9B84F89800BF97F /* UAVPlaylist.app */,
			);
			name = Products;
			sourceTree = "<group>";
		};
		AFEEE96CABF64BB39241AAE2 /* Sources */ = {
			isa = PBXGroup;
			children = (
				DAFCF31FA6DD45BC83E69F5B /* UAVPlaylistApp */,
			);
			path = Sources;
			sourceTree = "<group>";
		};
		8B6E3A1272E9441585B263C4 = {
			isa = PBXGroup;
			children = (
				AFEEE96CABF64BB39241AAE2 /* Sources */,
				EC4BA7D44F78453EB181432D /* Support */,
				F55D26A0C809424EA6CD1EB7 /* Products */,
			);
			sourceTree = "<group>";
		};
/* End PBXGroup section */
/* Begin PBXNativeTarget section */
		0F1E77DB217A4CB987811318 /* UAVPlaylist */ = {
			isa = PBXNativeTarget;
			buildConfigurationList = F7D0B68329DF48E9A71F7D47 /* Build configuration list for PBXNativeTarget "UAVPlaylist" */;
			buildPhases = (
				222BB31FB7D34F5ABA00C4CC /* Sources */,
				8775D3F5779146409D5F69D9 /* Frameworks */,
				63144E4E868D4E27AF19BBFE /* Resources */,
			);
			buildRules = (
			);
			dependencies = (
			);
			name = UAVPlaylist;
			packageProductDependencies = (
				F0CB0F99EC2C469DBD9035F9 /* SwiftSoup */,
			);
			productName = UAVPlaylist;
			productReference = 120BEEFFC9B84F89800BF97F /* UAVPlaylist.app */;
			productType = "com.apple.product-type.application";
		};
/* End PBXNativeTarget section */
/* Begin PBXProject section */
		4E81364C94C64FF6BBAB07EF /* Project object */ = {
			isa = PBXProject;
			attributes = {
				BuildIndependentTargetsInParallel = 1;
				LastSwiftUpdateCheck = 1600;
				LastUpgradeCheck = 1600;
				TargetAttributes = {
					0F1E77DB217A4CB987811318 = {
						CreatedOnToolsVersion = 16.0;
					};
				};
			};
			buildConfigurationList = BB102413B97141BAA17E9B32 /* Build configuration list for PBXProject "UAVPlaylist" */;
			compatibilityVersion = "Xcode 14.0";
			developmentRegion = en;
			hasScannedForEncodings = 0;
			knownRegions = (
				en,
				Base,
			);
			mainGroup = 8B6E3A1272E9441585B263C4;
			packageReferences = (
				050C3B97224B45B0A26B5BE8 /* XCRemoteSwiftPackageReference "SwiftSoup" */,
			);
			productRefGroup = F55D26A0C809424EA6CD1EB7 /* Products */;
			projectDirPath = "";
			projectRoot = "";
			targets = (
				0F1E77DB217A4CB987811318 /* UAVPlaylist */,
			);
		};
/* End PBXProject section */
/* Begin PBXResourcesBuildPhase section */
		63144E4E868D4E27AF19BBFE /* Resources */ = {
			isa = PBXResourcesBuildPhase;
			buildActionMask = 2147483647;
			files = (
			);
			runOnlyForDeploymentPostprocessing = 0;
		};
/* End PBXResourcesBuildPhase section */
/* Begin PBXSourcesBuildPhase section */
		222BB31FB7D34F5ABA00C4CC /* Sources */ = {
			isa = PBXSourcesBuildPhase;
			buildActionMask = 2147483647;
			files = (
				6C4F0E917F0A407E8485310C /* KeychainStore.swift in Sources */,
				804F4DE6DB4E495EAB1AD4E6 /* MissAVAccount.swift in Sources */,
				E9E0CAD8C26744BDBFB40E42 /* App.swift in Sources */,
				C7A08E406C294996905F677F /* JableTVBrowser.swift in Sources */,
				E89BC6F292EA41EA89FB0362 /* MissAVBrowser.swift in Sources */,
				A1CA83EDC27E46D2B06B430B /* SiteBrowser.swift in Sources */,
				36C9C5CDED7B4FBD8B9B8B30 /* SiteCatalog.swift in Sources */,
				8A5F0D62FA224ED58EC83136 /* SupJavBrowser.swift in Sources */,
				BEE2DD9AF81D4784830B770D /* ContentView.swift in Sources */,
				F286FDABD0244031A43AEA46 /* ExtractorRegistry.swift in Sources */,
				1058FDA4425C455FA5A0F342 /* JableTVExtractor.swift in Sources */,
				13402930B6DB4AD989441069 /* MissAVExtractor.swift in Sources */,
				DB8B3205054B481B94FF9A03 /* SiteExtractor.swift in Sources */,
				7B03FD079B9240438678E9C9 /* SupJavExtractor.swift in Sources */,
				18FB857E232A4063917B6F32 /* ExtractedVideo.swift in Sources */,
				67AE9D46D57248DB9FA15AA6 /* ExtractionError.swift in Sources */,
				5E5F4F88820D4FF880993930 /* VideoListing.swift in Sources */,
				2BCC6BC506594C09A8E92A9F /* HLSVariantSelector.swift in Sources */,
				47A5ABD4D61B4C269D9A66D1 /* HTTPClient.swift in Sources */,
				9586335ADD42434198A607DA /* PackedJSDecoder.swift in Sources */,
				318977799F95416DA79453E9 /* RegexUtils.swift in Sources */,
				CBE93A8FD1E048A091B775B0 /* PlaylistBuilder.swift in Sources */,
				94BA2DB89A844E899C4E34A8 /* ResolutionPreference.swift in Sources */,
				29465F49FC1947CDA45B0891 /* ShareSheet.swift in Sources */,
				EB087E2D1878412C93A6FA39 /* VLCOpener.swift in Sources */,
				0CC38638CF8944469006B587 /* PlaylistJob.swift in Sources */,
				3104C5242E604991A9446F6B /* QueueStore.swift in Sources */,
				FEAA0A30B6424926BDB003F9 /* AccountView.swift in Sources */,
				ADE543747E4C4FBEB31B9157 /* AddByURLView.swift in Sources */,
				943DC72BBE1A4F7E988E570D /* CategoryListView.swift in Sources */,
				EF03546771EC4B32A71AEBF1 /* QueueView.swift in Sources */,
				1A59D97F660B410FA6CF8ED6 /* SitesView.swift in Sources */,
				9B65A771E9AE4927BCEE9362 /* VideoGridView.swift in Sources */,
			);
			runOnlyForDeploymentPostprocessing = 0;
		};
/* End PBXSourcesBuildPhase section */
/* Begin XCBuildConfiguration section */
		34A4DC9EDAF445838DE42208 /* Debug */ = {
			isa = XCBuildConfiguration;
			buildSettings = {
				ASSETCATALOG_COMPILER_GENERATE_ASSET_SYMBOLS = NO;
				CLANG_ANALYZER_NONNULL = YES;
				CLANG_ANALYZER_NUMBER_OBJECT_CONVERSION = YES_AGGRESSIVE;
				CLANG_CXX_LANGUAGE_STANDARD = "gnu++20";
				CLANG_ENABLE_MODULES = YES;
				CLANG_ENABLE_OBJC_ARC = YES;
				CLANG_ENABLE_OBJC_WEAK = YES;
				CLANG_WARN_BLOCK_CAPTURE_AUTORELEASING = YES;
				CLANG_WARN_BOOL_CONVERSION = YES;
				CLANG_WARN_COMMA = YES;
				CLANG_WARN_CONSTANT_CONVERSION = YES;
				CLANG_WARN_DEPRECATED_OBJC_IMPLEMENTATIONS = YES;
				CLANG_WARN_DIRECT_OBJC_ISA_USAGE = YES_ERROR;
				CLANG_WARN_DOCUMENTATION_COMMENTS = YES;
				CLANG_WARN_EMPTY_BODY = YES;
				CLANG_WARN_ENUM_CONVERSION = YES;
				CLANG_WARN_INFINITE_RECURSION = YES;
				CLANG_WARN_INT_CONVERSION = YES;
				CLANG_WARN_NON_LITERAL_NULL_CONVERSION = YES;
				CLANG_WARN_OBJC_IMPLICIT_RETAIN_SELF = YES;
				CLANG_WARN_OBJC_LITERAL_CONVERSION = YES;
				CLANG_WARN_OBJC_ROOT_CLASS = YES_ERROR;
				CLANG_WARN_QUOTED_INCLUDE_IN_FRAMEWORK_HEADER = YES;
				CLANG_WARN_RANGE_LOOP_ANALYSIS = YES;
				CLANG_WARN_STRICT_PROTOTYPES = YES;
				CLANG_WARN_SUSPICIOUS_MOVE = YES;
				CLANG_WARN_UNGUARDED_AVAILABILITY = YES_AGGRESSIVE;
				CLANG_WARN_UNREACHABLE_CODE = YES;
				CLANG_WARN__DUPLICATE_METHOD_MATCH = YES;
				COPY_PHASE_STRIP = NO;
				ENABLE_STRICT_OBJC_MSGSEND = YES;
				ENABLE_USER_SCRIPT_SANDBOXING = YES;
				GCC_C_LANGUAGE_STANDARD = gnu17;
				GCC_NO_COMMON_BLOCKS = YES;
				GCC_WARN_64_TO_32_BIT_CONVERSION = YES;
				GCC_WARN_ABOUT_RETURN_TYPE = YES_ERROR;
				GCC_WARN_UNDECLARED_SELECTOR = YES;
				GCC_WARN_UNINITIALIZED_AUTOS = YES_AGGRESSIVE;
				GCC_WARN_UNUSED_FUNCTION = YES;
				GCC_WARN_UNUSED_VARIABLE = YES;
				IPHONEOS_DEPLOYMENT_TARGET = 17.0;
				MTL_FAST_MATH = YES;
				SDKROOT = iphoneos;
				SWIFT_EMIT_LOC_STRINGS = YES;
				SWIFT_VERSION = 5.0;
				DEBUG_INFORMATION_FORMAT = dwarf;
				ENABLE_TESTABILITY = YES;
				GCC_DYNAMIC_NO_PIC = NO;
				GCC_OPTIMIZATION_LEVEL = 0;
				GCC_PREPROCESSOR_DEFINITIONS = (
					"DEBUG=1",
					"$(inherited)",
				);
				MTL_ENABLE_DEBUG_INFO = INCLUDE_SOURCE;
				ONLY_ACTIVE_ARCH = YES;
				SWIFT_ACTIVE_COMPILATION_CONDITIONS = DEBUG;
				SWIFT_OPTIMIZATION_LEVEL = "-Onone";
			};
			name = Debug;
		};
		04CAAB3870454A1D9E092810 /* Release */ = {
			isa = XCBuildConfiguration;
			buildSettings = {
				ASSETCATALOG_COMPILER_GENERATE_ASSET_SYMBOLS = NO;
				CLANG_ANALYZER_NONNULL = YES;
				CLANG_ANALYZER_NUMBER_OBJECT_CONVERSION = YES_AGGRESSIVE;
				CLANG_CXX_LANGUAGE_STANDARD = "gnu++20";
				CLANG_ENABLE_MODULES = YES;
				CLANG_ENABLE_OBJC_ARC = YES;
				CLANG_ENABLE_OBJC_WEAK = YES;
				CLANG_WARN_BLOCK_CAPTURE_AUTORELEASING = YES;
				CLANG_WARN_BOOL_CONVERSION = YES;
				CLANG_WARN_COMMA = YES;
				CLANG_WARN_CONSTANT_CONVERSION = YES;
				CLANG_WARN_DEPRECATED_OBJC_IMPLEMENTATIONS = YES;
				CLANG_WARN_DIRECT_OBJC_ISA_USAGE = YES_ERROR;
				CLANG_WARN_DOCUMENTATION_COMMENTS = YES;
				CLANG_WARN_EMPTY_BODY = YES;
				CLANG_WARN_ENUM_CONVERSION = YES;
				CLANG_WARN_INFINITE_RECURSION = YES;
				CLANG_WARN_INT_CONVERSION = YES;
				CLANG_WARN_NON_LITERAL_NULL_CONVERSION = YES;
				CLANG_WARN_OBJC_IMPLICIT_RETAIN_SELF = YES;
				CLANG_WARN_OBJC_LITERAL_CONVERSION = YES;
				CLANG_WARN_OBJC_ROOT_CLASS = YES_ERROR;
				CLANG_WARN_QUOTED_INCLUDE_IN_FRAMEWORK_HEADER = YES;
				CLANG_WARN_RANGE_LOOP_ANALYSIS = YES;
				CLANG_WARN_STRICT_PROTOTYPES = YES;
				CLANG_WARN_SUSPICIOUS_MOVE = YES;
				CLANG_WARN_UNGUARDED_AVAILABILITY = YES_AGGRESSIVE;
				CLANG_WARN_UNREACHABLE_CODE = YES;
				CLANG_WARN__DUPLICATE_METHOD_MATCH = YES;
				COPY_PHASE_STRIP = NO;
				ENABLE_STRICT_OBJC_MSGSEND = YES;
				ENABLE_USER_SCRIPT_SANDBOXING = YES;
				GCC_C_LANGUAGE_STANDARD = gnu17;
				GCC_NO_COMMON_BLOCKS = YES;
				GCC_WARN_64_TO_32_BIT_CONVERSION = YES;
				GCC_WARN_ABOUT_RETURN_TYPE = YES_ERROR;
				GCC_WARN_UNDECLARED_SELECTOR = YES;
				GCC_WARN_UNINITIALIZED_AUTOS = YES_AGGRESSIVE;
				GCC_WARN_UNUSED_FUNCTION = YES;
				GCC_WARN_UNUSED_VARIABLE = YES;
				IPHONEOS_DEPLOYMENT_TARGET = 17.0;
				MTL_FAST_MATH = YES;
				SDKROOT = iphoneos;
				SWIFT_EMIT_LOC_STRINGS = YES;
				SWIFT_VERSION = 5.0;
				DEBUG_INFORMATION_FORMAT = "dwarf-with-dsym";
				ENABLE_NS_ASSERTIONS = NO;
				MTL_ENABLE_DEBUG_INFO = NO;
				SWIFT_COMPILATION_MODE = wholemodule;
				VALIDATE_PRODUCT = YES;
			};
			name = Release;
		};
		9EAB2DD6FA1C4B34B645572E /* Debug */ = {
			isa = XCBuildConfiguration;
			buildSettings = {
				CODE_SIGN_STYLE = Automatic;
				CURRENT_PROJECT_VERSION = 1;
				GENERATE_INFOPLIST_FILE = YES;
				INFOPLIST_FILE = "Support/Info-Additions.plist";
				INFOPLIST_KEY_CFBundleDisplayName = "UAV Playlist";
				INFOPLIST_KEY_UIApplicationSupportsIndirectInputEvents = YES;
				INFOPLIST_KEY_UILaunchScreen_Generation = YES;
				INFOPLIST_KEY_UISupportedInterfaceOrientations = "UIInterfaceOrientationPortrait UIInterfaceOrientationLandscapeLeft UIInterfaceOrientationLandscapeRight";
				LD_RUNPATH_SEARCH_PATHS = (
					"$(inherited)",
					"@executable_path/Frameworks",
				);
				MARKETING_VERSION = 1.0;
				PRODUCT_BUNDLE_IDENTIFIER = "com.uavdownloader.playlist";
				PRODUCT_NAME = "$(TARGET_NAME)";
				SWIFT_EMIT_LOC_STRINGS = YES;
				TARGETED_DEVICE_FAMILY = 1;
			};
			name = Debug;
		};
		804DB7F96D6A4F3F8A38F2D1 /* Release */ = {
			isa = XCBuildConfiguration;
			buildSettings = {
				CODE_SIGN_STYLE = Automatic;
				CURRENT_PROJECT_VERSION = 1;
				GENERATE_INFOPLIST_FILE = YES;
				INFOPLIST_FILE = "Support/Info-Additions.plist";
				INFOPLIST_KEY_CFBundleDisplayName = "UAV Playlist";
				INFOPLIST_KEY_UIApplicationSupportsIndirectInputEvents = YES;
				INFOPLIST_KEY_UILaunchScreen_Generation = YES;
				INFOPLIST_KEY_UISupportedInterfaceOrientations = "UIInterfaceOrientationPortrait UIInterfaceOrientationLandscapeLeft UIInterfaceOrientationLandscapeRight";
				LD_RUNPATH_SEARCH_PATHS = (
					"$(inherited)",
					"@executable_path/Frameworks",
				);
				MARKETING_VERSION = 1.0;
				PRODUCT_BUNDLE_IDENTIFIER = "com.uavdownloader.playlist";
				PRODUCT_NAME = "$(TARGET_NAME)";
				SWIFT_EMIT_LOC_STRINGS = YES;
				TARGETED_DEVICE_FAMILY = 1;
			};
			name = Release;
		};
/* End XCBuildConfiguration section */
/* Begin XCConfigurationList section */
		BB102413B97141BAA17E9B32 /* Build configuration list for PBXProject "UAVPlaylist" */ = {
			isa = XCConfigurationList;
			buildConfigurations = (
				34A4DC9EDAF445838DE42208 /* Debug */,
				04CAAB3870454A1D9E092810 /* Release */,
			);
			defaultConfigurationIsVisible = 0;
			defaultConfigurationName = Release;
		};
		F7D0B68329DF48E9A71F7D47 /* Build configuration list for PBXNativeTarget "UAVPlaylist" */ = {
			isa = XCConfigurationList;
			buildConfigurations = (
				9EAB2DD6FA1C4B34B645572E /* Debug */,
				804DB7F96D6A4F3F8A38F2D1 /* Release */,
			);
			defaultConfigurationIsVisible = 0;
			defaultConfigurationName = Release;
		};
/* End XCConfigurationList section */
/* Begin XCRemoteSwiftPackageReference section */
		050C3B97224B45B0A26B5BE8 /* XCRemoteSwiftPackageReference "SwiftSoup" */ = {
			isa = XCRemoteSwiftPackageReference;
			repositoryURL = "https://github.com/scinfu/SwiftSoup.git";
			requirement = {
				kind = upToNextMajorVersion;
				minimumVersion = 2.7.0;
			};
		};
/* End XCRemoteSwiftPackageReference section */
/* Begin XCSwiftPackageProductDependency section */
		F0CB0F99EC2C469DBD9035F9 /* SwiftSoup */ = {
			isa = XCSwiftPackageProductDependency;
			package = 050C3B97224B45B0A26B5BE8 /* XCRemoteSwiftPackageReference "SwiftSoup" */;
			productName = SwiftSoup;
		};
/* End XCSwiftPackageProductDependency section */
	};
	rootObject = 4E81364C94C64FF6BBAB07EF /* Project object */;
}
