// !$*UTF8*$!
{
	archiveVersion = 1;
	classes = {
	};
	objectVersion = 54;
	objects = {
/* Begin PBXBuildFile section */
		6F8428F4345B434CBC0DAC9D /* KeychainStore.swift in Sources */ = {isa = PBXBuildFile; fileRef = 2D7029F17459496BBF628B4C /* KeychainStore.swift */; };
		72D2E9088EC142E7BE929F81 /* MissAVAccount.swift in Sources */ = {isa = PBXBuildFile; fileRef = 68BB1A0AA11341DAA4DE6ED1 /* MissAVAccount.swift */; };
		7DDA818322894D24B20872FA /* App.swift in Sources */ = {isa = PBXBuildFile; fileRef = CAB7825D50614556887EB9FD /* App.swift */; };
		F8AB0252B6B74D11BB40F329 /* JAVCode.swift in Sources */ = {isa = PBXBuildFile; fileRef = 28A03A8801E046D9B6BF14F9 /* JAVCode.swift */; };
		1D976B7A8E3246519AE53FEC /* JableTVBrowser.swift in Sources */ = {isa = PBXBuildFile; fileRef = E69F6E6310024CAE8A14CB85 /* JableTVBrowser.swift */; };
		C8B7724D495249238A767FC6 /* MissAVBrowser.swift in Sources */ = {isa = PBXBuildFile; fileRef = 14E0FB551DE8427B89854F35 /* MissAVBrowser.swift */; };
		FFDCE4936B3E40F6AB0AD702 /* SiteBrowser.swift in Sources */ = {isa = PBXBuildFile; fileRef = CB1F35D05914470088077D30 /* SiteBrowser.swift */; };
		45FA978E64844091AED1422F /* SiteCatalog.swift in Sources */ = {isa = PBXBuildFile; fileRef = 96EE62B61F93446C969456D5 /* SiteCatalog.swift */; };
		3D1BB22451FF4FFE98CC2A61 /* SupJavBrowser.swift in Sources */ = {isa = PBXBuildFile; fileRef = 9D122090E4244BE59C4B025C /* SupJavBrowser.swift */; };
		F77E7E7DF2214B57868D1264 /* ContentView.swift in Sources */ = {isa = PBXBuildFile; fileRef = 5D37D643E0B94865811D53B6 /* ContentView.swift */; };
		650EB9A4FC224B88BECB5E7F /* ExtractorRegistry.swift in Sources */ = {isa = PBXBuildFile; fileRef = 5B466AD0678B4FFAB7EAAE95 /* ExtractorRegistry.swift */; };
		E12C2BC30C984624A7CBA128 /* JableTVExtractor.swift in Sources */ = {isa = PBXBuildFile; fileRef = 70479330F9A045F4BBF1C9F1 /* JableTVExtractor.swift */; };
		56BAD20279FC4301A226F014 /* MissAVExtractor.swift in Sources */ = {isa = PBXBuildFile; fileRef = 8DAB7787CFF64DB1AD4EA189 /* MissAVExtractor.swift */; };
		0A2FF7039B3E42E7A30CCCCB /* SiteExtractor.swift in Sources */ = {isa = PBXBuildFile; fileRef = 7846D5FA22C949839ED62BC6 /* SiteExtractor.swift */; };
		5F00C0F579A64EFB9A1BA02B /* SupJavExtractor.swift in Sources */ = {isa = PBXBuildFile; fileRef = 992B8D2738064B688F340600 /* SupJavExtractor.swift */; };
		D08A0879D76C4A5CA4897BCD /* ExtractedVideo.swift in Sources */ = {isa = PBXBuildFile; fileRef = 63EB8A4EAFAB435A89D88F52 /* ExtractedVideo.swift */; };
		EDDA84AF962C4F7BAE5594AC /* ExtractionError.swift in Sources */ = {isa = PBXBuildFile; fileRef = BAE9612CE6E24701BB7040B9 /* ExtractionError.swift */; };
		BCF0F2F72EC94735AD064FCA /* VideoListing.swift in Sources */ = {isa = PBXBuildFile; fileRef = 59C2E1C324114DACAC2FF8D5 /* VideoListing.swift */; };
		0B5332F73E7347689165B793 /* HLSVariantSelector.swift in Sources */ = {isa = PBXBuildFile; fileRef = D316987AD502442A91BC8960 /* HLSVariantSelector.swift */; };
		8FA02D384D5F4FAB9A3583E8 /* HTTPClient.swift in Sources */ = {isa = PBXBuildFile; fileRef = D924FAEC071447E99230D419 /* HTTPClient.swift */; };
		CE1535DC95FF4C569A4765FC /* PackedJSDecoder.swift in Sources */ = {isa = PBXBuildFile; fileRef = 5C7F281FC2844617B6A77E43 /* PackedJSDecoder.swift */; };
		8C62E36D57254769B7BC3F7C /* RegexUtils.swift in Sources */ = {isa = PBXBuildFile; fileRef = 16F0CF9B8806403595043837 /* RegexUtils.swift */; };
		520A7A0C96FF494AA899B654 /* PlayerView.swift in Sources */ = {isa = PBXBuildFile; fileRef = 20E3D635873E4118B36105D6 /* PlayerView.swift */; };
		5D336AAB8A284C77BC3F6D2A /* PlaylistPlayer.swift in Sources */ = {isa = PBXBuildFile; fileRef = 23B92B5870FA48EC959348FD /* PlaylistPlayer.swift */; };
		4BB62825DBC245C4A887897F /* PlaylistBuilder.swift in Sources */ = {isa = PBXBuildFile; fileRef = 77F03AD769D14986A11BE483 /* PlaylistBuilder.swift */; };
		69D0FD6A2ED046D48B4229C0 /* ResolutionPreference.swift in Sources */ = {isa = PBXBuildFile; fileRef = 1F371FF4860A4ACA82B8ACA5 /* ResolutionPreference.swift */; };
		4FD8FA06042C4A0AA676C9A8 /* ShareSheet.swift in Sources */ = {isa = PBXBuildFile; fileRef = D3F75D292EB24373957D9C6E /* ShareSheet.swift */; };
		23AF082713754E148CFCAAF1 /* VLCOpener.swift in Sources */ = {isa = PBXBuildFile; fileRef = 33F6C3193E764CCA809BAFE4 /* VLCOpener.swift */; };
		0EDC8CD67BA5444DADFFEDBD /* PlaylistJob.swift in Sources */ = {isa = PBXBuildFile; fileRef = DCA4740AB12C4F4CA1483908 /* PlaylistJob.swift */; };
		28EAF0C36FBF4ACE8C030AC3 /* QueueStore.swift in Sources */ = {isa = PBXBuildFile; fileRef = 124332C319B84471A1D59295 /* QueueStore.swift */; };
		A864520B8852453E9D7E91B3 /* AccountView.swift in Sources */ = {isa = PBXBuildFile; fileRef = DD268FE67E8847EF99935E88 /* AccountView.swift */; };
		72835D7E4C4D426289E1F6C5 /* AddByURLView.swift in Sources */ = {isa = PBXBuildFile; fileRef = C1162050DE964018BCD81371 /* AddByURLView.swift */; };
		2D6A251134FE45AC9B90ACE5 /* CategoryListView.swift in Sources */ = {isa = PBXBuildFile; fileRef = 016B5907B889445D9C895281 /* CategoryListView.swift */; };
		939C50D343334813A3953FAB /* QueueView.swift in Sources */ = {isa = PBXBuildFile; fileRef = C9F3227CF0B1406DB262E34B /* QueueView.swift */; };
		C38C7986D9D540E294131912 /* SitesView.swift in Sources */ = {isa = PBXBuildFile; fileRef = D48A07A9EE9E4D0F9F5A330E /* SitesView.swift */; };
		2448D305A8914F98B5619F92 /* VideoGridView.swift in Sources */ = {isa = PBXBuildFile; fileRef = 32BC8A69B5AB4B2C99CCCBDD /* VideoGridView.swift */; };
		B0C8AF86755947248C3E7035 /* SwiftSoup in Frameworks */ = {isa = PBXBuildFile; productRef = FED5D0E65E04430180CADD05 /* SwiftSoup */; };
/* End PBXBuildFile section */
/* Begin PBXFileReference section */
		2D7029F17459496BBF628B4C /* KeychainStore.swift */ = {isa = PBXFileReference; lastKnownFileType = sourcecode.swift; path = KeychainStore.swift; sourceTree = "<group>"; };
		68BB1A0AA11341DAA4DE6ED1 /* MissAVAccount.swift */ = {isa = PBXFileReference; lastKnownFileType = sourcecode.swift; path = MissAVAccount.swift; sourceTree = "<group>"; };
		CAB7825D50614556887EB9FD /* App.swift */ = {isa = PBXFileReference; lastKnownFileType = sourcecode.swift; path = App.swift; sourceTree = "<group>"; };
		28A03A8801E046D9B6BF14F9 /* JAVCode.swift */ = {isa = PBXFileReference; lastKnownFileType = sourcecode.swift; path = JAVCode.swift; sourceTree = "<group>"; };
		E69F6E6310024CAE8A14CB85 /* JableTVBrowser.swift */ = {isa = PBXFileReference; lastKnownFileType = sourcecode.swift; path = JableTVBrowser.swift; sourceTree = "<group>"; };
		14E0FB551DE8427B89854F35 /* MissAVBrowser.swift */ = {isa = PBXFileReference; lastKnownFileType = sourcecode.swift; path = MissAVBrowser.swift; sourceTree = "<group>"; };
		CB1F35D05914470088077D30 /* SiteBrowser.swift */ = {isa = PBXFileReference; lastKnownFileType = sourcecode.swift; path = SiteBrowser.swift; sourceTree = "<group>"; };
		96EE62B61F93446C969456D5 /* SiteCatalog.swift */ = {isa = PBXFileReference; lastKnownFileType = sourcecode.swift; path = SiteCatalog.swift; sourceTree = "<group>"; };
		9D122090E4244BE59C4B025C /* SupJavBrowser.swift */ = {isa = PBXFileReference; lastKnownFileType = sourcecode.swift; path = SupJavBrowser.swift; sourceTree = "<group>"; };
		5D37D643E0B94865811D53B6 /* ContentView.swift */ = {isa = PBXFileReference; lastKnownFileType = sourcecode.swift; path = ContentView.swift; sourceTree = "<group>"; };
		5B466AD0678B4FFAB7EAAE95 /* ExtractorRegistry.swift */ = {isa = PBXFileReference; lastKnownFileType = sourcecode.swift; path = ExtractorRegistry.swift; sourceTree = "<group>"; };
		70479330F9A045F4BBF1C9F1 /* JableTVExtractor.swift */ = {isa = PBXFileReference; lastKnownFileType = sourcecode.swift; path = JableTVExtractor.swift; sourceTree = "<group>"; };
		8DAB7787CFF64DB1AD4EA189 /* MissAVExtractor.swift */ = {isa = PBXFileReference; lastKnownFileType = sourcecode.swift; path = MissAVExtractor.swift; sourceTree = "<group>"; };
		7846D5FA22C949839ED62BC6 /* SiteExtractor.swift */ = {isa = PBXFileReference; lastKnownFileType = sourcecode.swift; path = SiteExtractor.swift; sourceTree = "<group>"; };
		992B8D2738064B688F340600 /* SupJavExtractor.swift */ = {isa = PBXFileReference; lastKnownFileType = sourcecode.swift; path = SupJavExtractor.swift; sourceTree = "<group>"; };
		63EB8A4EAFAB435A89D88F52 /* ExtractedVideo.swift */ = {isa = PBXFileReference; lastKnownFileType = sourcecode.swift; path = ExtractedVideo.swift; sourceTree = "<group>"; };
		BAE9612CE6E24701BB7040B9 /* ExtractionError.swift */ = {isa = PBXFileReference; lastKnownFileType = sourcecode.swift; path = ExtractionError.swift; sourceTree = "<group>"; };
		59C2E1C324114DACAC2FF8D5 /* VideoListing.swift */ = {isa = PBXFileReference; lastKnownFileType = sourcecode.swift; path = VideoListing.swift; sourceTree = "<group>"; };
		D316987AD502442A91BC8960 /* HLSVariantSelector.swift */ = {isa = PBXFileReference; lastKnownFileType = sourcecode.swift; path = HLSVariantSelector.swift; sourceTree = "<group>"; };
		D924FAEC071447E99230D419 /* HTTPClient.swift */ = {isa = PBXFileReference; lastKnownFileType = sourcecode.swift; path = HTTPClient.swift; sourceTree = "<group>"; };
		5C7F281FC2844617B6A77E43 /* PackedJSDecoder.swift */ = {isa = PBXFileReference; lastKnownFileType = sourcecode.swift; path = PackedJSDecoder.swift; sourceTree = "<group>"; };
		16F0CF9B8806403595043837 /* RegexUtils.swift */ = {isa = PBXFileReference; lastKnownFileType = sourcecode.swift; path = RegexUtils.swift; sourceTree = "<group>"; };
		20E3D635873E4118B36105D6 /* PlayerView.swift */ = {isa = PBXFileReference; lastKnownFileType = sourcecode.swift; path = PlayerView.swift; sourceTree = "<group>"; };
		23B92B5870FA48EC959348FD /* PlaylistPlayer.swift */ = {isa = PBXFileReference; lastKnownFileType = sourcecode.swift; path = PlaylistPlayer.swift; sourceTree = "<group>"; };
		77F03AD769D14986A11BE483 /* PlaylistBuilder.swift */ = {isa = PBXFileReference; lastKnownFileType = sourcecode.swift; path = PlaylistBuilder.swift; sourceTree = "<group>"; };
		1F371FF4860A4ACA82B8ACA5 /* ResolutionPreference.swift */ = {isa = PBXFileReference; lastKnownFileType = sourcecode.swift; path = ResolutionPreference.swift; sourceTree = "<group>"; };
		D3F75D292EB24373957D9C6E /* ShareSheet.swift */ = {isa = PBXFileReference; lastKnownFileType = sourcecode.swift; path = ShareSheet.swift; sourceTree = "<group>"; };
		33F6C3193E764CCA809BAFE4 /* VLCOpener.swift */ = {isa = PBXFileReference; lastKnownFileType = sourcecode.swift; path = VLCOpener.swift; sourceTree = "<group>"; };
		DCA4740AB12C4F4CA1483908 /* PlaylistJob.swift */ = {isa = PBXFileReference; lastKnownFileType = sourcecode.swift; path = PlaylistJob.swift; sourceTree = "<group>"; };
		124332C319B84471A1D59295 /* QueueStore.swift */ = {isa = PBXFileReference; lastKnownFileType = sourcecode.swift; path = QueueStore.swift; sourceTree = "<group>"; };
		DD268FE67E8847EF99935E88 /* AccountView.swift */ = {isa = PBXFileReference; lastKnownFileType = sourcecode.swift; path = AccountView.swift; sourceTree = "<group>"; };
		C1162050DE964018BCD81371 /* AddByURLView.swift */ = {isa = PBXFileReference; lastKnownFileType = sourcecode.swift; path = AddByURLView.swift; sourceTree = "<group>"; };
		016B5907B889445D9C895281 /* CategoryListView.swift */ = {isa = PBXFileReference; lastKnownFileType = sourcecode.swift; path = CategoryListView.swift; sourceTree = "<group>"; };
		C9F3227CF0B1406DB262E34B /* QueueView.swift */ = {isa = PBXFileReference; lastKnownFileType = sourcecode.swift; path = QueueView.swift; sourceTree = "<group>"; };
		D48A07A9EE9E4D0F9F5A330E /* SitesView.swift */ = {isa = PBXFileReference; lastKnownFileType = sourcecode.swift; path = SitesView.swift; sourceTree = "<group>"; };
		32BC8A69B5AB4B2C99CCCBDD /* VideoGridView.swift */ = {isa = PBXFileReference; lastKnownFileType = sourcecode.swift; path = VideoGridView.swift; sourceTree = "<group>"; };
		36C69CF93D214AD1811DABC2 /* Info-Additions.plist */ = {isa = PBXFileReference; lastKnownFileType = text.plist.xml; path = "Info-Additions.plist"; sourceTree = "<group>"; };
		9CA04E5E8AA046209F2ECA9C /* UAVPlaylist.app */ = {isa = PBXFileReference; explicitFileType = wrapper.application; includeInIndex = 0; path = UAVPlaylist.app; sourceTree = BUILT_PRODUCTS_DIR; };
/* End PBXFileReference section */
/* Begin PBXFrameworksBuildPhase section */
		3BAEEB1C890146F2AD5BCF8E /* Frameworks */ = {
			isa = PBXFrameworksBuildPhase;
			buildActionMask = 2147483647;
			files = (
				B0C8AF86755947248C3E7035 /* SwiftSoup in Frameworks */,
			);
			runOnlyForDeploymentPostprocessing = 0;
		};
/* End PBXFrameworksBuildPhase section */
/* Begin PBXGroup section */
		01CC7FC9229F42889F9DF101 /* Account */ = {
			isa = PBXGroup;
			children = (
				2D7029F17459496BBF628B4C /* KeychainStore.swift */,
				68BB1A0AA11341DAA4DE6ED1 /* MissAVAccount.swift */,
			);
			path = Account;
			sourceTree = "<group>";
		};
		0F99CA31185C4FEB85023672 /* Browsers */ = {
			isa = PBXGroup;
			children = (
				28A03A8801E046D9B6BF14F9 /* JAVCode.swift */,
				E69F6E6310024CAE8A14CB85 /* JableTVBrowser.swift */,
				14E0FB551DE8427B89854F35 /* MissAVBrowser.swift */,
				CB1F35D05914470088077D30 /* SiteBrowser.swift */,
				96EE62B61F93446C969456D5 /* SiteCatalog.swift */,
				9D122090E4244BE59C4B025C /* SupJavBrowser.swift */,
			);
			path = Browsers;
			sourceTree = "<group>";
		};
		DD14F4D1F4844664BB63374C /* Extractors */ = {
			isa = PBXGroup;
			children = (
				5B466AD0678B4FFAB7EAAE95 /* ExtractorRegistry.swift */,
				70479330F9A045F4BBF1C9F1 /* JableTVExtractor.swift */,
				8DAB7787CFF64DB1AD4EA189 /* MissAVExtractor.swift */,
				7846D5FA22C949839ED62BC6 /* SiteExtractor.swift */,
				992B8D2738064B688F340600 /* SupJavExtractor.swift */,
			);
			path = Extractors;
			sourceTree = "<group>";
		};
		4A36C48F76404CF6B154B91D /* Models */ = {
			isa = PBXGroup;
			children = (
				63EB8A4EAFAB435A89D88F52 /* ExtractedVideo.swift */,
				BAE9612CE6E24701BB7040B9 /* ExtractionError.swift */,
				59C2E1C324114DACAC2FF8D5 /* VideoListing.swift */,
			);
			path = Models;
			sourceTree = "<group>";
		};
		68194446C6DD496893861009 /* Networking */ = {
			isa = PBXGroup;
			children = (
				D316987AD502442A91BC8960 /* HLSVariantSelector.swift */,
				D924FAEC071447E99230D419 /* HTTPClient.swift */,
				5C7F281FC2844617B6A77E43 /* PackedJSDecoder.swift */,
				16F0CF9B8806403595043837 /* RegexUtils.swift */,
			);
			path = Networking;
			sourceTree = "<group>";
		};
		6BA736630F8448D28C416363 /* Player */ = {
			isa = PBXGroup;
			children = (
				20E3D635873E4118B36105D6 /* PlayerView.swift */,
				23B92B5870FA48EC959348FD /* PlaylistPlayer.swift */,
			);
			path = Player;
			sourceTree = "<group>";
		};
		C446FAB922844E7EAD65EB4E /* Playlist */ = {
			isa = PBXGroup;
			children = (
				77F03AD769D14986A11BE483 /* PlaylistBuilder.swift */,
				1F371FF4860A4ACA82B8ACA5 /* ResolutionPreference.swift */,
				D3F75D292EB24373957D9C6E /* ShareSheet.swift */,
				33F6C3193E764CCA809BAFE4 /* VLCOpener.swift */,
			);
			path = Playlist;
			sourceTree = "<group>";
		};
		24AB2D0D0D374CA89E31C4AE /* Queue */ = {
			isa = PBXGroup;
			children = (
				DCA4740AB12C4F4CA1483908 /* PlaylistJob.swift */,
				124332C319B84471A1D59295 /* QueueStore.swift */,
			);
			path = Queue;
			sourceTree = "<group>";
		};
		E221A4639CF347F8ADCEB481 /* Views */ = {
			isa = PBXGroup;
			children = (
				DD268FE67E8847EF99935E88 /* AccountView.swift */,
				C1162050DE964018BCD81371 /* AddByURLView.swift */,
				016B5907B889445D9C895281 /* CategoryListView.swift */,
				C9F3227CF0B1406DB262E34B /* QueueView.swift */,
				D48A07A9EE9E4D0F9F5A330E /* SitesView.swift */,
				32BC8A69B5AB4B2C99CCCBDD /* VideoGridView.swift */,
			);
			path = Views;
			sourceTree = "<group>";
		};
		22E5C834B6BA40BEBE2AD9CC /* UAVPlaylistApp */ = {
			isa = PBXGroup;
			children = (
				01CC7FC9229F42889F9DF101 /* Account */,
				0F99CA31185C4FEB85023672 /* Browsers */,
				DD14F4D1F4844664BB63374C /* Extractors */,
				4A36C48F76404CF6B154B91D /* Models */,
				68194446C6DD496893861009 /* Networking */,
				6BA736630F8448D28C416363 /* Player */,
				C446FAB922844E7EAD65EB4E /* Playlist */,
				24AB2D0D0D374CA89E31C4AE /* Queue */,
				E221A4639CF347F8ADCEB481 /* Views */,
				CAB7825D50614556887EB9FD /* App.swift */,
				5D37D643E0B94865811D53B6 /* ContentView.swift */,
			);
			path = UAVPlaylistApp;
			sourceTree = "<group>";
		};
		E0F611570950443791590127 /* Support */ = {
			isa = PBXGroup;
			children = (
				36C69CF93D214AD1811DABC2 /* Info-Additions.plist */,
			);
			path = Support;
			sourceTree = "<group>";
		};
		1F67B1CC86FC411B969EBD17 /* Products */ = {
			isa = PBXGroup;
			children = (
				9CA04E5E8AA046209F2ECA9C /* UAVPlaylist.app */,
			);
			name = Products;
			sourceTree = "<group>";
		};
		A639DA9BFB464584ADB8D013 /* Sources */ = {
			isa = PBXGroup;
			children = (
				22E5C834B6BA40BEBE2AD9CC /* UAVPlaylistApp */,
			);
			path = Sources;
			sourceTree = "<group>";
		};
		CDE0DA054BF44B3691D4C1C0 = {
			isa = PBXGroup;
			children = (
				A639DA9BFB464584ADB8D013 /* Sources */,
				E0F611570950443791590127 /* Support */,
				1F67B1CC86FC411B969EBD17 /* Products */,
			);
			sourceTree = "<group>";
		};
/* End PBXGroup section */
/* Begin PBXNativeTarget section */
		88DE975DFB6C46C6B9F418EC /* UAVPlaylist */ = {
			isa = PBXNativeTarget;
			buildConfigurationList = D6C091B9121A40528F75611A /* Build configuration list for PBXNativeTarget "UAVPlaylist" */;
			buildPhases = (
				8245A025D3DA4B98B27A7848 /* Sources */,
				3BAEEB1C890146F2AD5BCF8E /* Frameworks */,
				833F7F60E4DF4A829985A9F1 /* Resources */,
			);
			buildRules = (
			);
			dependencies = (
			);
			name = UAVPlaylist;
			packageProductDependencies = (
				FED5D0E65E04430180CADD05 /* SwiftSoup */,
			);
			productName = UAVPlaylist;
			productReference = 9CA04E5E8AA046209F2ECA9C /* UAVPlaylist.app */;
			productType = "com.apple.product-type.application";
		};
/* End PBXNativeTarget section */
/* Begin PBXProject section */
		40513D8CE1B84937AEC72014 /* Project object */ = {
			isa = PBXProject;
			attributes = {
				BuildIndependentTargetsInParallel = 1;
				LastSwiftUpdateCheck = 1600;
				LastUpgradeCheck = 1600;
				TargetAttributes = {
					88DE975DFB6C46C6B9F418EC = {
						CreatedOnToolsVersion = 16.0;
					};
				};
			};
			buildConfigurationList = 307B0232920744529682E547 /* Build configuration list for PBXProject "UAVPlaylist" */;
			compatibilityVersion = "Xcode 14.0";
			developmentRegion = en;
			hasScannedForEncodings = 0;
			knownRegions = (
				en,
				Base,
			);
			mainGroup = CDE0DA054BF44B3691D4C1C0;
			packageReferences = (
				2655E235D849455FACCE88DA /* XCRemoteSwiftPackageReference "SwiftSoup" */,
			);
			productRefGroup = 1F67B1CC86FC411B969EBD17 /* Products */;
			projectDirPath = "";
			projectRoot = "";
			targets = (
				88DE975DFB6C46C6B9F418EC /* UAVPlaylist */,
			);
		};
/* End PBXProject section */
/* Begin PBXResourcesBuildPhase section */
		833F7F60E4DF4A829985A9F1 /* Resources */ = {
			isa = PBXResourcesBuildPhase;
			buildActionMask = 2147483647;
			files = (
			);
			runOnlyForDeploymentPostprocessing = 0;
		};
/* End PBXResourcesBuildPhase section */
/* Begin PBXSourcesBuildPhase section */
		8245A025D3DA4B98B27A7848 /* Sources */ = {
			isa = PBXSourcesBuildPhase;
			buildActionMask = 2147483647;
			files = (
				6F8428F4345B434CBC0DAC9D /* KeychainStore.swift in Sources */,
				72D2E9088EC142E7BE929F81 /* MissAVAccount.swift in Sources */,
				7DDA818322894D24B20872FA /* App.swift in Sources */,
				F8AB0252B6B74D11BB40F329 /* JAVCode.swift in Sources */,
				1D976B7A8E3246519AE53FEC /* JableTVBrowser.swift in Sources */,
				C8B7724D495249238A767FC6 /* MissAVBrowser.swift in Sources */,
				FFDCE4936B3E40F6AB0AD702 /* SiteBrowser.swift in Sources */,
				45FA978E64844091AED1422F /* SiteCatalog.swift in Sources */,
				3D1BB22451FF4FFE98CC2A61 /* SupJavBrowser.swift in Sources */,
				F77E7E7DF2214B57868D1264 /* ContentView.swift in Sources */,
				650EB9A4FC224B88BECB5E7F /* ExtractorRegistry.swift in Sources */,
				E12C2BC30C984624A7CBA128 /* JableTVExtractor.swift in Sources */,
				56BAD20279FC4301A226F014 /* MissAVExtractor.swift in Sources */,
				0A2FF7039B3E42E7A30CCCCB /* SiteExtractor.swift in Sources */,
				5F00C0F579A64EFB9A1BA02B /* SupJavExtractor.swift in Sources */,
				D08A0879D76C4A5CA4897BCD /* ExtractedVideo.swift in Sources */,
				EDDA84AF962C4F7BAE5594AC /* ExtractionError.swift in Sources */,
				BCF0F2F72EC94735AD064FCA /* VideoListing.swift in Sources */,
				0B5332F73E7347689165B793 /* HLSVariantSelector.swift in Sources */,
				8FA02D384D5F4FAB9A3583E8 /* HTTPClient.swift in Sources */,
				CE1535DC95FF4C569A4765FC /* PackedJSDecoder.swift in Sources */,
				8C62E36D57254769B7BC3F7C /* RegexUtils.swift in Sources */,
				520A7A0C96FF494AA899B654 /* PlayerView.swift in Sources */,
				5D336AAB8A284C77BC3F6D2A /* PlaylistPlayer.swift in Sources */,
				4BB62825DBC245C4A887897F /* PlaylistBuilder.swift in Sources */,
				69D0FD6A2ED046D48B4229C0 /* ResolutionPreference.swift in Sources */,
				4FD8FA06042C4A0AA676C9A8 /* ShareSheet.swift in Sources */,
				23AF082713754E148CFCAAF1 /* VLCOpener.swift in Sources */,
				0EDC8CD67BA5444DADFFEDBD /* PlaylistJob.swift in Sources */,
				28EAF0C36FBF4ACE8C030AC3 /* QueueStore.swift in Sources */,
				A864520B8852453E9D7E91B3 /* AccountView.swift in Sources */,
				72835D7E4C4D426289E1F6C5 /* AddByURLView.swift in Sources */,
				2D6A251134FE45AC9B90ACE5 /* CategoryListView.swift in Sources */,
				939C50D343334813A3953FAB /* QueueView.swift in Sources */,
				C38C7986D9D540E294131912 /* SitesView.swift in Sources */,
				2448D305A8914F98B5619F92 /* VideoGridView.swift in Sources */,
			);
			runOnlyForDeploymentPostprocessing = 0;
		};
/* End PBXSourcesBuildPhase section */
/* Begin XCBuildConfiguration section */
		4D704022440B45FAB32B68D8 /* Debug */ = {
			isa = XCBuildConfiguration;
			buildSettings = {
				ASSETCATALOG_COMPILER_GENERATE_ASSET_SYMBOLS = NO;
				CLANG_ANALYZER_NONNULL = YES;
				CLANG_ANALYZER_NUMBER_OBJECT_CONVERSION = YES_AGGRESSIVE;
				CLANG_CXX_LANGUAGE_STANDARD = "gnu++20";
				CLANG_ENABLE_MODULES = YES;
				CLANG_ENABLE_OBJC_ARC = YES;
				CLANG_ENABLE_OBJC_WEAK = YES;
				CLANG_WARN_BLOCK_CAPTURE_AUTORELEASING = YES;
				CLANG_WARN_BOOL_CONVERSION = YES;
				CLANG_WARN_COMMA = YES;
				CLANG_WARN_CONSTANT_CONVERSION = YES;
				CLANG_WARN_DEPRECATED_OBJC_IMPLEMENTATIONS = YES;
				CLANG_WARN_DIRECT_OBJC_ISA_USAGE = YES_ERROR;
				CLANG_WARN_DOCUMENTATION_COMMENTS = YES;
				CLANG_WARN_EMPTY_BODY = YES;
				CLANG_WARN_ENUM_CONVERSION = YES;
				CLANG_WARN_INFINITE_RECURSION = YES;
				CLANG_WARN_INT_CONVERSION = YES;
				CLANG_WARN_NON_LITERAL_NULL_CONVERSION = YES;
				CLANG_WARN_OBJC_IMPLICIT_RETAIN_SELF = YES;
				CLANG_WARN_OBJC_LITERAL_CONVERSION = YES;
				CLANG_WARN_OBJC_ROOT_CLASS = YES_ERROR;
				CLANG_WARN_QUOTED_INCLUDE_IN_FRAMEWORK_HEADER = YES;
				CLANG_WARN_RANGE_LOOP_ANALYSIS = YES;
				CLANG_WARN_STRICT_PROTOTYPES = YES;
				CLANG_WARN_SUSPICIOUS_MOVE = YES;
				CLANG_WARN_UNGUARDED_AVAILABILITY = YES_AGGRESSIVE;
				CLANG_WARN_UNREACHABLE_CODE = YES;
				CLANG_WARN__DUPLICATE_METHOD_MATCH = YES;
				COPY_PHASE_STRIP = NO;
				ENABLE_STRICT_OBJC_MSGSEND = YES;
				ENABLE_USER_SCRIPT_SANDBOXING = YES;
				GCC_C_LANGUAGE_STANDARD = gnu17;
				GCC_NO_COMMON_BLOCKS = YES;
				GCC_WARN_64_TO_32_BIT_CONVERSION = YES;
				GCC_WARN_ABOUT_RETURN_TYPE = YES_ERROR;
				GCC_WARN_UNDECLARED_SELECTOR = YES;
				GCC_WARN_UNINITIALIZED_AUTOS = YES_AGGRESSIVE;
				GCC_WARN_UNUSED_FUNCTION = YES;
				GCC_WARN_UNUSED_VARIABLE = YES;
				IPHONEOS_DEPLOYMENT_TARGET = 17.0;
				MTL_FAST_MATH = YES;
				SDKROOT = iphoneos;
				SWIFT_EMIT_LOC_STRINGS = YES;
				SWIFT_VERSION = 5.0;
				DEBUG_INFORMATION_FORMAT = dwarf;
				ENABLE_TESTABILITY = YES;
				GCC_DYNAMIC_NO_PIC = NO;
				GCC_OPTIMIZATION_LEVEL = 0;
				GCC_PREPROCESSOR_DEFINITIONS = (
					"DEBUG=1",
					"$(inherited)",
				);
				MTL_ENABLE_DEBUG_INFO = INCLUDE_SOURCE;
				ONLY_ACTIVE_ARCH = YES;
				SWIFT_ACTIVE_COMPILATION_CONDITIONS = DEBUG;
				SWIFT_OPTIMIZATION_LEVEL = "-Onone";
			};
			name = Debug;
		};
		7BD5A0419F744A999EE168A0 /* Release */ = {
			isa = XCBuildConfiguration;
			buildSettings = {
				ASSETCATALOG_COMPILER_GENERATE_ASSET_SYMBOLS = NO;
				CLANG_ANALYZER_NONNULL = YES;
				CLANG_ANALYZER_NUMBER_OBJECT_CONVERSION = YES_AGGRESSIVE;
				CLANG_CXX_LANGUAGE_STANDARD = "gnu++20";
				CLANG_ENABLE_MODULES = YES;
				CLANG_ENABLE_OBJC_ARC = YES;
				CLANG_ENABLE_OBJC_WEAK = YES;
				CLANG_WARN_BLOCK_CAPTURE_AUTORELEASING = YES;
				CLANG_WARN_BOOL_CONVERSION = YES;
				CLANG_WARN_COMMA = YES;
				CLANG_WARN_CONSTANT_CONVERSION = YES;
				CLANG_WARN_DEPRECATED_OBJC_IMPLEMENTATIONS = YES;
				CLANG_WARN_DIRECT_OBJC_ISA_USAGE = YES_ERROR;
				CLANG_WARN_DOCUMENTATION_COMMENTS = YES;
				CLANG_WARN_EMPTY_BODY = YES;
				CLANG_WARN_ENUM_CONVERSION = YES;
				CLANG_WARN_INFINITE_RECURSION = YES;
				CLANG_WARN_INT_CONVERSION = YES;
				CLANG_WARN_NON_LITERAL_NULL_CONVERSION = YES;
				CLANG_WARN_OBJC_IMPLICIT_RETAIN_SELF = YES;
				CLANG_WARN_OBJC_LITERAL_CONVERSION = YES;
				CLANG_WARN_OBJC_ROOT_CLASS = YES_ERROR;
				CLANG_WARN_QUOTED_INCLUDE_IN_FRAMEWORK_HEADER = YES;
				CLANG_WARN_RANGE_LOOP_ANALYSIS = YES;
				CLANG_WARN_STRICT_PROTOTYPES = YES;
				CLANG_WARN_SUSPICIOUS_MOVE = YES;
				CLANG_WARN_UNGUARDED_AVAILABILITY = YES_AGGRESSIVE;
				CLANG_WARN_UNREACHABLE_CODE = YES;
				CLANG_WARN__DUPLICATE_METHOD_MATCH = YES;
				COPY_PHASE_STRIP = NO;
				ENABLE_STRICT_OBJC_MSGSEND = YES;
				ENABLE_USER_SCRIPT_SANDBOXING = YES;
				GCC_C_LANGUAGE_STANDARD = gnu17;
				GCC_NO_COMMON_BLOCKS = YES;
				GCC_WARN_64_TO_32_BIT_CONVERSION = YES;
				GCC_WARN_ABOUT_RETURN_TYPE = YES_ERROR;
				GCC_WARN_UNDECLARED_SELECTOR = YES;
				GCC_WARN_UNINITIALIZED_AUTOS = YES_AGGRESSIVE;
				GCC_WARN_UNUSED_FUNCTION = YES;
				GCC_WARN_UNUSED_VARIABLE = YES;
				IPHONEOS_DEPLOYMENT_TARGET = 17.0;
				MTL_FAST_MATH = YES;
				SDKROOT = iphoneos;
				SWIFT_EMIT_LOC_STRINGS = YES;
				SWIFT_VERSION = 5.0;
				DEBUG_INFORMATION_FORMAT = "dwarf-with-dsym";
				ENABLE_NS_ASSERTIONS = NO;
				MTL_ENABLE_DEBUG_INFO = NO;
				SWIFT_COMPILATION_MODE = wholemodule;
				VALIDATE_PRODUCT = YES;
			};
			name = Release;
		};
		339B0C61B90548B6843D1DE5 /* Debug */ = {
			isa = XCBuildConfiguration;
			buildSettings = {
				CODE_SIGN_STYLE = Automatic;
				CURRENT_PROJECT_VERSION = 1;
				GENERATE_INFOPLIST_FILE = YES;
				INFOPLIST_FILE = "Support/Info-Additions.plist";
				INFOPLIST_KEY_CFBundleDisplayName = "UAV Playlist";
				INFOPLIST_KEY_UIApplicationSupportsIndirectInputEvents = YES;
				INFOPLIST_KEY_UILaunchScreen_Generation = YES;
				INFOPLIST_KEY_UISupportedInterfaceOrientations = "UIInterfaceOrientationPortrait UIInterfaceOrientationLandscapeLeft UIInterfaceOrientationLandscapeRight";
				LD_RUNPATH_SEARCH_PATHS = (
					"$(inherited)",
					"@executable_path/Frameworks",
				);
				MARKETING_VERSION = 1.0;
				PRODUCT_BUNDLE_IDENTIFIER = "com.uavdownloader.playlist";
				PRODUCT_NAME = "$(TARGET_NAME)";
				SWIFT_EMIT_LOC_STRINGS = YES;
				TARGETED_DEVICE_FAMILY = 1;
			};
			name = Debug;
		};
		9F19BE709D2344DBAD3DEB65 /* Release */ = {
			isa = XCBuildConfiguration;
			buildSettings = {
				CODE_SIGN_STYLE = Automatic;
				CURRENT_PROJECT_VERSION = 1;
				GENERATE_INFOPLIST_FILE = YES;
				INFOPLIST_FILE = "Support/Info-Additions.plist";
				INFOPLIST_KEY_CFBundleDisplayName = "UAV Playlist";
				INFOPLIST_KEY_UIApplicationSupportsIndirectInputEvents = YES;
				INFOPLIST_KEY_UILaunchScreen_Generation = YES;
				INFOPLIST_KEY_UISupportedInterfaceOrientations = "UIInterfaceOrientationPortrait UIInterfaceOrientationLandscapeLeft UIInterfaceOrientationLandscapeRight";
				LD_RUNPATH_SEARCH_PATHS = (
					"$(inherited)",
					"@executable_path/Frameworks",
				);
				MARKETING_VERSION = 1.0;
				PRODUCT_BUNDLE_IDENTIFIER = "com.uavdownloader.playlist";
				PRODUCT_NAME = "$(TARGET_NAME)";
				SWIFT_EMIT_LOC_STRINGS = YES;
				TARGETED_DEVICE_FAMILY = 1;
			};
			name = Release;
		};
/* End XCBuildConfiguration section */
/* Begin XCConfigurationList section */
		307B0232920744529682E547 /* Build configuration list for PBXProject "UAVPlaylist" */ = {
			isa = XCConfigurationList;
			buildConfigurations = (
				4D704022440B45FAB32B68D8 /* Debug */,
				7BD5A0419F744A999EE168A0 /* Release */,
			);
			defaultConfigurationIsVisible = 0;
			defaultConfigurationName = Release;
		};
		D6C091B9121A40528F75611A /* Build configuration list for PBXNativeTarget "UAVPlaylist" */ = {
			isa = XCConfigurationList;
			buildConfigurations = (
				339B0C61B90548B6843D1DE5 /* Debug */,
				9F19BE709D2344DBAD3DEB65 /* Release */,
			);
			defaultConfigurationIsVisible = 0;
			defaultConfigurationName = Release;
		};
/* End XCConfigurationList section */
/* Begin XCRemoteSwiftPackageReference section */
		2655E235D849455FACCE88DA /* XCRemoteSwiftPackageReference "SwiftSoup" */ = {
			isa = XCRemoteSwiftPackageReference;
			repositoryURL = "https://github.com/scinfu/SwiftSoup.git";
			requirement = {
				kind = upToNextMajorVersion;
				minimumVersion = 2.7.0;
			};
		};
/* End XCRemoteSwiftPackageReference section */
/* Begin XCSwiftPackageProductDependency section */
		FED5D0E65E04430180CADD05 /* SwiftSoup */ = {
			isa = XCSwiftPackageProductDependency;
			package = 2655E235D849455FACCE88DA /* XCRemoteSwiftPackageReference "SwiftSoup" */;
			productName = SwiftSoup;
		};
/* End XCSwiftPackageProductDependency section */
	};
	rootObject = 40513D8CE1B84937AEC72014 /* Project object */;
}
