// !$*UTF8*$!
{
	archiveVersion = 1;
	classes = {
	};
	objectVersion = 54;
	objects = {
/* Begin PBXBuildFile section */
		8BC73BA3CCB44B97ADFB44A9 /* KeychainStore.swift in Sources */ = {isa = PBXBuildFile; fileRef = F687B9E5C2FA46C5BCF38138 /* KeychainStore.swift */; };
		F8E041F7262647C28268531B /* MissAVAccount.swift in Sources */ = {isa = PBXBuildFile; fileRef = C31E33D56ACF4BDBAB35A1EE /* MissAVAccount.swift */; };
		50F2B5D939CA45CC88CFCC9E /* App.swift in Sources */ = {isa = PBXBuildFile; fileRef = 543B5D495915495CB95D2A66 /* App.swift */; };
		E53B694E982E468399CFEA42 /* JAVCode.swift in Sources */ = {isa = PBXBuildFile; fileRef = EEC44E7983064DD7A002C8AB /* JAVCode.swift */; };
		3BE779DA977D4EAEA026A465 /* JableTVBrowser.swift in Sources */ = {isa = PBXBuildFile; fileRef = 2241D839E7E344A0831413CE /* JableTVBrowser.swift */; };
		77B35CF09392401FA4BB98B5 /* MissAVBrowser.swift in Sources */ = {isa = PBXBuildFile; fileRef = 7CC25B5B06354202B5475997 /* MissAVBrowser.swift */; };
		E4CE4B0B5F904309A75BAB16 /* SiteBrowser.swift in Sources */ = {isa = PBXBuildFile; fileRef = 0224459EB3FB4AC49FF07762 /* SiteBrowser.swift */; };
		32B0B3CEA6E9429898D4035B /* SiteCatalog.swift in Sources */ = {isa = PBXBuildFile; fileRef = 9F128BD29C834DCAB781D061 /* SiteCatalog.swift */; };
		0CEF29CAFABC4E4A9612F132 /* SupJavBrowser.swift in Sources */ = {isa = PBXBuildFile; fileRef = 9A18291F539645D988E31155 /* SupJavBrowser.swift */; };
		4534997DCDCF4F2786262785 /* ContentView.swift in Sources */ = {isa = PBXBuildFile; fileRef = B6973F45035D4C91AE73B780 /* ContentView.swift */; };
		94AB5DC8516D47979295A4A1 /* ExtractorRegistry.swift in Sources */ = {isa = PBXBuildFile; fileRef = 8A0F28FFC1B04679A2017B23 /* ExtractorRegistry.swift */; };
		D184FCF7D8C74EB393FDEE17 /* JableTVExtractor.swift in Sources */ = {isa = PBXBuildFile; fileRef = 62AAF60DA4434FFCA309EB14 /* JableTVExtractor.swift */; };
		4140C5F51CD0442ABA79DFFA /* MissAVExtractor.swift in Sources */ = {isa = PBXBuildFile; fileRef = 49E430E82F8E4CBE9C1DBFAD /* MissAVExtractor.swift */; };
		AF553B9CD8A345438DAB576C /* SiteExtractor.swift in Sources */ = {isa = PBXBuildFile; fileRef = 044E210705B44D7DAD43E99E /* SiteExtractor.swift */; };
		787FB88A8B054142A9CCACDC /* SupJavExtractor.swift in Sources */ = {isa = PBXBuildFile; fileRef = 8B8204A0A529487B8E6A44AB /* SupJavExtractor.swift */; };
		166D57A1386E46979FA51C4A /* ExtractedVideo.swift in Sources */ = {isa = PBXBuildFile; fileRef = DC7BC2E175CA4BE59E3E587A /* ExtractedVideo.swift */; };
		79011BEEC1DD443F803F1A33 /* ExtractionError.swift in Sources */ = {isa = PBXBuildFile; fileRef = 2EE1ED48C0F6479C91BB28CE /* ExtractionError.swift */; };
		F280B753A6C94266B6B90E59 /* VideoListing.swift in Sources */ = {isa = PBXBuildFile; fileRef = A27259C3B8BC4B0BB9EE8DBE /* VideoListing.swift */; };
		96CE6C5EDEF74AD8B4A30700 /* HLSVariantSelector.swift in Sources */ = {isa = PBXBuildFile; fileRef = 2B4C711CE25D4B1DB5160C88 /* HLSVariantSelector.swift */; };
		DC275780297F4F2DAC2244A1 /* HTTPClient.swift in Sources */ = {isa = PBXBuildFile; fileRef = 7282B2DE8FC6474AB9A3CC1E /* HTTPClient.swift */; };
		0BA7A7E57BBF419EBA73477F /* PackedJSDecoder.swift in Sources */ = {isa = PBXBuildFile; fileRef = 132E5222557C42DF979E8631 /* PackedJSDecoder.swift */; };
		5672AB30C2CC46D48E405AC7 /* RegexUtils.swift in Sources */ = {isa = PBXBuildFile; fileRef = 2C5B2FEA38ED477092683BD0 /* RegexUtils.swift */; };
		F2B1A29CA8654CFABD929033 /* PlaylistBuilder.swift in Sources */ = {isa = PBXBuildFile; fileRef = 56DA19AAC8F946E2A4BD8864 /* PlaylistBuilder.swift */; };
		AB22F89325394246B3C8BE5A /* ResolutionPreference.swift in Sources */ = {isa = PBXBuildFile; fileRef = AC87506E0D304F33BDEA966D /* ResolutionPreference.swift */; };
		DCA5A7ACCF61496F9A90D257 /* ShareSheet.swift in Sources */ = {isa = PBXBuildFile; fileRef = 0679A855525A4478A34667BB /* ShareSheet.swift */; };
		A96BF883DB414610A3D8A78E /* VLCOpener.swift in Sources */ = {isa = PBXBuildFile; fileRef = B66E2521435649F98F504DC8 /* VLCOpener.swift */; };
		1DDD9455E4744F33BA488BA0 /* PlaylistJob.swift in Sources */ = {isa = PBXBuildFile; fileRef = E76ABD00E86B41D697FF8425 /* PlaylistJob.swift */; };
		DB085AA919354EA7BA32E3E5 /* QueueStore.swift in Sources */ = {isa = PBXBuildFile; fileRef = 54756BE5AAE44887B1589C17 /* QueueStore.swift */; };
		67463FD278844CD3A107FDD1 /* AccountView.swift in Sources */ = {isa = PBXBuildFile; fileRef = 31B6AD35315A45E2829A1A06 /* AccountView.swift */; };
		F4CF90EFEB024CDBBC5FF8CB /* AddByURLView.swift in Sources */ = {isa = PBXBuildFile; fileRef = 98CFECDAE42E4B46ADECD2CE /* AddByURLView.swift */; };
		97CB3AF517134162BA23BA2B /* CategoryListView.swift in Sources */ = {isa = PBXBuildFile; fileRef = 3BF2F69F4AC5438387E5464E /* CategoryListView.swift */; };
		5A00F9D38C1440CD81B0AB64 /* QueueView.swift in Sources */ = {isa = PBXBuildFile; fileRef = EEF2C158971D4A2CBAE64559 /* QueueView.swift */; };
		10A0E9FF24BC4E2B842C2818 /* SitesView.swift in Sources */ = {isa = PBXBuildFile; fileRef = AC1F8D793B834EDCAFF4A17F /* SitesView.swift */; };
		26BA16748C5D408F81DD6A8A /* VideoGridView.swift in Sources */ = {isa = PBXBuildFile; fileRef = 47B7E617A93349E2920A871C /* VideoGridView.swift */; };
		6FDEC64942784CC893EE608E /* SwiftSoup in Frameworks */ = {isa = PBXBuildFile; productRef = FFFD635EE2724159BC8D039F /* SwiftSoup */; };
/* End PBXBuildFile section */
/* Begin PBXFileReference section */
		F687B9E5C2FA46C5BCF38138 /* KeychainStore.swift */ = {isa = PBXFileReference; lastKnownFileType = sourcecode.swift; path = KeychainStore.swift; sourceTree = "<group>"; };
		C31E33D56ACF4BDBAB35A1EE /* MissAVAccount.swift */ = {isa = PBXFileReference; lastKnownFileType = sourcecode.swift; path = MissAVAccount.swift; sourceTree = "<group>"; };
		543B5D495915495CB95D2A66 /* App.swift */ = {isa = PBXFileReference; lastKnownFileType = sourcecode.swift; path = App.swift; sourceTree = "<group>"; };
		EEC44E7983064DD7A002C8AB /* JAVCode.swift */ = {isa = PBXFileReference; lastKnownFileType = sourcecode.swift; path = JAVCode.swift; sourceTree = "<group>"; };
		2241D839E7E344A0831413CE /* JableTVBrowser.swift */ = {isa = PBXFileReference; lastKnownFileType = sourcecode.swift; path = JableTVBrowser.swift; sourceTree = "<group>"; };
		7CC25B5B06354202B5475997 /* MissAVBrowser.swift */ = {isa = PBXFileReference; lastKnownFileType = sourcecode.swift; path = MissAVBrowser.swift; sourceTree = "<group>"; };
		0224459EB3FB4AC49FF07762 /* SiteBrowser.swift */ = {isa = PBXFileReference; lastKnownFileType = sourcecode.swift; path = SiteBrowser.swift; sourceTree = "<group>"; };
		9F128BD29C834DCAB781D061 /* SiteCatalog.swift */ = {isa = PBXFileReference; lastKnownFileType = sourcecode.swift; path = SiteCatalog.swift; sourceTree = "<group>"; };
		9A18291F539645D988E31155 /* SupJavBrowser.swift */ = {isa = PBXFileReference; lastKnownFileType = sourcecode.swift; path = SupJavBrowser.swift; sourceTree = "<group>"; };
		B6973F45035D4C91AE73B780 /* ContentView.swift */ = {isa = PBXFileReference; lastKnownFileType = sourcecode.swift; path = ContentView.swift; sourceTree = "<group>"; };
		8A0F28FFC1B04679A2017B23 /* ExtractorRegistry.swift */ = {isa = PBXFileReference; lastKnownFileType = sourcecode.swift; path = ExtractorRegistry.swift; sourceTree = "<group>"; };
		62AAF60DA4434FFCA309EB14 /* JableTVExtractor.swift */ = {isa = PBXFileReference; lastKnownFileType = sourcecode.swift; path = JableTVExtractor.swift; sourceTree = "<group>"; };
		49E430E82F8E4CBE9C1DBFAD /* MissAVExtractor.swift */ = {isa = PBXFileReference; lastKnownFileType = sourcecode.swift; path = MissAVExtractor.swift; sourceTree = "<group>"; };
		044E210705B44D7DAD43E99E /* SiteExtractor.swift */ = {isa = PBXFileReference; lastKnownFileType = sourcecode.swift; path = SiteExtractor.swift; sourceTree = "<group>"; };
		8B8204A0A529487B8E6A44AB /* SupJavExtractor.swift */ = {isa = PBXFileReference; lastKnownFileType = sourcecode.swift; path = SupJavExtractor.swift; sourceTree = "<group>"; };
		DC7BC2E175CA4BE59E3E587A /* ExtractedVideo.swift */ = {isa = PBXFileReference; lastKnownFileType = sourcecode.swift; path = ExtractedVideo.swift; sourceTree = "<group>"; };
		2EE1ED48C0F6479C91BB28CE /* ExtractionError.swift */ = {isa = PBXFileReference; lastKnownFileType = sourcecode.swift; path = ExtractionError.swift; sourceTree = "<group>"; };
		A27259C3B8BC4B0BB9EE8DBE /* VideoListing.swift */ = {isa = PBXFileReference; lastKnownFileType = sourcecode.swift; path = VideoListing.swift; sourceTree = "<group>"; };
		2B4C711CE25D4B1DB5160C88 /* HLSVariantSelector.swift */ = {isa = PBXFileReference; lastKnownFileType = sourcecode.swift; path = HLSVariantSelector.swift; sourceTree = "<group>"; };
		7282B2DE8FC6474AB9A3CC1E /* HTTPClient.swift */ = {isa = PBXFileReference; lastKnownFileType = sourcecode.swift; path = HTTPClient.swift; sourceTree = "<group>"; };
		132E5222557C42DF979E8631 /* PackedJSDecoder.swift */ = {isa = PBXFileReference; lastKnownFileType = sourcecode.swift; path = PackedJSDecoder.swift; sourceTree = "<group>"; };
		2C5B2FEA38ED477092683BD0 /* RegexUtils.swift */ = {isa = PBXFileReference; lastKnownFileType = sourcecode.swift; path = RegexUtils.swift; sourceTree = "<group>"; };
		56DA19AAC8F946E2A4BD8864 /* PlaylistBuilder.swift */ = {isa = PBXFileReference; lastKnownFileType = sourcecode.swift; path = PlaylistBuilder.swift; sourceTree = "<group>"; };
		AC87506E0D304F33BDEA966D /* ResolutionPreference.swift */ = {isa = PBXFileReference; lastKnownFileType = sourcecode.swift; path = ResolutionPreference.swift; sourceTree = "<group>"; };
		0679A855525A4478A34667BB /* ShareSheet.swift */ = {isa = PBXFileReference; lastKnownFileType = sourcecode.swift; path = ShareSheet.swift; sourceTree = "<group>"; };
		B66E2521435649F98F504DC8 /* VLCOpener.swift */ = {isa = PBXFileReference; lastKnownFileType = sourcecode.swift; path = VLCOpener.swift; sourceTree = "<group>"; };
		E76ABD00E86B41D697FF8425 /* PlaylistJob.swift */ = {isa = PBXFileReference; lastKnownFileType = sourcecode.swift; path = PlaylistJob.swift; sourceTree = "<group>"; };
		54756BE5AAE44887B1589C17 /* QueueStore.swift */ = {isa = PBXFileReference; lastKnownFileType = sourcecode.swift; path = QueueStore.swift; sourceTree = "<group>"; };
		31B6AD35315A45E2829A1A06 /* AccountView.swift */ = {isa = PBXFileReference; lastKnownFileType = sourcecode.swift; path = AccountView.swift; sourceTree = "<group>"; };
		98CFECDAE42E4B46ADECD2CE /* AddByURLView.swift */ = {isa = PBXFileReference; lastKnownFileType = sourcecode.swift; path = AddByURLView.swift; sourceTree = "<group>"; };
		3BF2F69F4AC5438387E5464E /* CategoryListView.swift */ = {isa = PBXFileReference; lastKnownFileType = sourcecode.swift; path = CategoryListView.swift; sourceTree = "<group>"; };
		EEF2C158971D4A2CBAE64559 /* QueueView.swift */ = {isa = PBXFileReference; lastKnownFileType = sourcecode.swift; path = QueueView.swift; sourceTree = "<group>"; };
		AC1F8D793B834EDCAFF4A17F /* SitesView.swift */ = {isa = PBXFileReference; lastKnownFileType = sourcecode.swift; path = SitesView.swift; sourceTree = "<group>"; };
		47B7E617A93349E2920A871C /* VideoGridView.swift */ = {isa = PBXFileReference; lastKnownFileType = sourcecode.swift; path = VideoGridView.swift; sourceTree = "<group>"; };
		121FEFB1FC63415F93E0EE75 /* Info-Additions.plist */ = {isa = PBXFileReference; lastKnownFileType = text.plist.xml; path = "Info-Additions.plist"; sourceTree = "<group>"; };
		2409F5DBDEFB4F5EAA37BDD2 /* UAVPlaylist.app */ = {isa = PBXFileReference; explicitFileType = wrapper.application; includeInIndex = 0; path = UAVPlaylist.app; sourceTree = BUILT_PRODUCTS_DIR; };
/* End PBXFileReference section */
/* Begin PBXFrameworksBuildPhase section */
		417689225D4D49008530B617 /* Frameworks */ = {
			isa = PBXFrameworksBuildPhase;
			buildActionMask = 2147483647;
			files = (
				6FDEC64942784CC893EE608E /* SwiftSoup in Frameworks */,
			);
			runOnlyForDeploymentPostprocessing = 0;
		};
/* End PBXFrameworksBuildPhase section */
/* Begin PBXGroup section */
		D0B8B19E49EE47A99063DD42 /* Account */ = {
			isa = PBXGroup;
			children = (
				F687B9E5C2FA46C5BCF38138 /* KeychainStore.swift */,
				C31E33D56ACF4BDBAB35A1EE /* MissAVAccount.swift */,
			);
			path = Account;
			sourceTree = "<group>";
		};
		AC47EF2BF0BF4B2E85069347 /* Browsers */ = {
			isa = PBXGroup;
			children = (
				EEC44E7983064DD7A002C8AB /* JAVCode.swift */,
				2241D839E7E344A0831413CE /* JableTVBrowser.swift */,
				7CC25B5B06354202B5475997 /* MissAVBrowser.swift */,
				0224459EB3FB4AC49FF07762 /* SiteBrowser.swift */,
				9F128BD29C834DCAB781D061 /* SiteCatalog.swift */,
				9A18291F539645D988E31155 /* SupJavBrowser.swift */,
			);
			path = Browsers;
			sourceTree = "<group>";
		};
		710055328FAB436B9305D279 /* Extractors */ = {
			isa = PBXGroup;
			children = (
				8A0F28FFC1B04679A2017B23 /* ExtractorRegistry.swift */,
				62AAF60DA4434FFCA309EB14 /* JableTVExtractor.swift */,
				49E430E82F8E4CBE9C1DBFAD /* MissAVExtractor.swift */,
				044E210705B44D7DAD43E99E /* SiteExtractor.swift */,
				8B8204A0A529487B8E6A44AB /* SupJavExtractor.swift */,
			);
			path = Extractors;
			sourceTree = "<group>";
		};
		97C03EBA59C14F4782279C71 /* Models */ = {
			isa = PBXGroup;
			children = (
				DC7BC2E175CA4BE59E3E587A /* ExtractedVideo.swift */,
				2EE1ED48C0F6479C91BB28CE /* ExtractionError.swift */,
				A27259C3B8BC4B0BB9EE8DBE /* VideoListing.swift */,
			);
			path = Models;
			sourceTree = "<group>";
		};
		D661E02BC5044710A4BFD2B8 /* Networking */ = {
			isa = PBXGroup;
			children = (
				2B4C711CE25D4B1DB5160C88 /* HLSVariantSelector.swift */,
				7282B2DE8FC6474AB9A3CC1E /* HTTPClient.swift */,
				132E5222557C42DF979E8631 /* PackedJSDecoder.swift */,
				2C5B2FEA38ED477092683BD0 /* RegexUtils.swift */,
			);
			path = Networking;
			sourceTree = "<group>";
		};
		E23BBCB304014304B88BFC48 /* Playlist */ = {
			isa = PBXGroup;
			children = (
				56DA19AAC8F946E2A4BD8864 /* PlaylistBuilder.swift */,
				AC87506E0D304F33BDEA966D /* ResolutionPreference.swift */,
				0679A855525A4478A34667BB /* ShareSheet.swift */,
				B66E2521435649F98F504DC8 /* VLCOpener.swift */,
			);
			path = Playlist;
			sourceTree = "<group>";
		};
		975AE86C103E4831BADB23F9 /* Queue */ = {
			isa = PBXGroup;
			children = (
				E76ABD00E86B41D697FF8425 /* PlaylistJob.swift */,
				54756BE5AAE44887B1589C17 /* QueueStore.swift */,
			);
			path = Queue;
			sourceTree = "<group>";
		};
		9B90546F0E6E44BD93D24E85 /* Views */ = {
			isa = PBXGroup;
			children = (
				31B6AD35315A45E2829A1A06 /* AccountView.swift */,
				98CFECDAE42E4B46ADECD2CE /* AddByURLView.swift */,
				3BF2F69F4AC5438387E5464E /* CategoryListView.swift */,
				EEF2C158971D4A2CBAE64559 /* QueueView.swift */,
				AC1F8D793B834EDCAFF4A17F /* SitesView.swift */,
				47B7E617A93349E2920A871C /* VideoGridView.swift */,
			);
			path = Views;
			sourceTree = "<group>";
		};
		C9EF89498C624FE29965A63A /* UAVPlaylistApp */ = {
			isa = PBXGroup;
			children = (
				D0B8B19E49EE47A99063DD42 /* Account */,
				AC47EF2BF0BF4B2E85069347 /* Browsers */,
				710055328FAB436B9305D279 /* Extractors */,
				97C03EBA59C14F4782279C71 /* Models */,
				D661E02BC5044710A4BFD2B8 /* Networking */,
				E23BBCB304014304B88BFC48 /* Playlist */,
				975AE86C103E4831BADB23F9 /* Queue */,
				9B90546F0E6E44BD93D24E85 /* Views */,
				543B5D495915495CB95D2A66 /* App.swift */,
				B6973F45035D4C91AE73B780 /* ContentView.swift */,
			);
			path = UAVPlaylistApp;
			sourceTree = "<group>";
		};
		C2E99304C58E4625A47F333B /* Support */ = {
			isa = PBXGroup;
			children = (
				121FEFB1FC63415F93E0EE75 /* Info-Additions.plist */,
			);
			path = Support;
			sourceTree = "<group>";
		};
		CBD923912A4D43D19F6F7A98 /* Products */ = {
			isa = PBXGroup;
			children = (
				2409F5DBDEFB4F5EAA37BDD2 /* UAVPlaylist.app */,
			);
			name = Products;
			sourceTree = "<group>";
		};
		DD0270EC3C78439E8B8EF8C8 /* Sources */ = {
			isa = PBXGroup;
			children = (
				C9EF89498C624FE29965A63A /* UAVPlaylistApp */,
			);
			path = Sources;
			sourceTree = "<group>";
		};
		B1C8F8E6AE1048539DFFE1BA = {
			isa = PBXGroup;
			children = (
				DD0270EC3C78439E8B8EF8C8 /* Sources */,
				C2E99304C58E4625A47F333B /* Support */,
				CBD923912A4D43D19F6F7A98 /* Products */,
			);
			sourceTree = "<group>";
		};
/* End PBXGroup section */
/* Begin PBXNativeTarget section */
		D1DD55595BF1430DA2F2600F /* UAVPlaylist */ = {
			isa = PBXNativeTarget;
			buildConfigurationList = 58F13A1414C64300A0EDDC99 /* Build configuration list for PBXNativeTarget "UAVPlaylist" */;
			buildPhases = (
				D01E20BBBD3B4E9E97FC9FFB /* Sources */,
				417689225D4D49008530B617 /* Frameworks */,
				A32486C3315D4CD6BDF373C3 /* Resources */,
			);
			buildRules = (
			);
			dependencies = (
			);
			name = UAVPlaylist;
			packageProductDependencies = (
				FFFD635EE2724159BC8D039F /* SwiftSoup */,
			);
			productName = UAVPlaylist;
			productReference = 2409F5DBDEFB4F5EAA37BDD2 /* UAVPlaylist.app */;
			productType = "com.apple.product-type.application";
		};
/* End PBXNativeTarget section */
/* Begin PBXProject section */
		1128817B22B647EE811D7267 /* Project object */ = {
			isa = PBXProject;
			attributes = {
				BuildIndependentTargetsInParallel = 1;
				LastSwiftUpdateCheck = 1600;
				LastUpgradeCheck = 1600;
				TargetAttributes = {
					D1DD55595BF1430DA2F2600F = {
						CreatedOnToolsVersion = 16.0;
					};
				};
			};
			buildConfigurationList = 6C2DE0B5EA0F42EC923CA88C /* Build configuration list for PBXProject "UAVPlaylist" */;
			compatibilityVersion = "Xcode 14.0";
			developmentRegion = en;
			hasScannedForEncodings = 0;
			knownRegions = (
				en,
				Base,
			);
			mainGroup = B1C8F8E6AE1048539DFFE1BA;
			packageReferences = (
				D9F6285534DB4A0CB9D73ACC /* XCRemoteSwiftPackageReference "SwiftSoup" */,
			);
			productRefGroup = CBD923912A4D43D19F6F7A98 /* Products */;
			projectDirPath = "";
			projectRoot = "";
			targets = (
				D1DD55595BF1430DA2F2600F /* UAVPlaylist */,
			);
		};
/* End PBXProject section */
/* Begin PBXResourcesBuildPhase section */
		A32486C3315D4CD6BDF373C3 /* Resources */ = {
			isa = PBXResourcesBuildPhase;
			buildActionMask = 2147483647;
			files = (
			);
			runOnlyForDeploymentPostprocessing = 0;
		};
/* End PBXResourcesBuildPhase section */
/* Begin PBXSourcesBuildPhase section */
		D01E20BBBD3B4E9E97FC9FFB /* Sources */ = {
			isa = PBXSourcesBuildPhase;
			buildActionMask = 2147483647;
			files = (
				8BC73BA3CCB44B97ADFB44A9 /* KeychainStore.swift in Sources */,
				F8E041F7262647C28268531B /* MissAVAccount.swift in Sources */,
				50F2B5D939CA45CC88CFCC9E /* App.swift in Sources */,
				E53B694E982E468399CFEA42 /* JAVCode.swift in Sources */,
				3BE779DA977D4EAEA026A465 /* JableTVBrowser.swift in Sources */,
				77B35CF09392401FA4BB98B5 /* MissAVBrowser.swift in Sources */,
				E4CE4B0B5F904309A75BAB16 /* SiteBrowser.swift in Sources */,
				32B0B3CEA6E9429898D4035B /* SiteCatalog.swift in Sources */,
				0CEF29CAFABC4E4A9612F132 /* SupJavBrowser.swift in Sources */,
				4534997DCDCF4F2786262785 /* ContentView.swift in Sources */,
				94AB5DC8516D47979295A4A1 /* ExtractorRegistry.swift in Sources */,
				D184FCF7D8C74EB393FDEE17 /* JableTVExtractor.swift in Sources */,
				4140C5F51CD0442ABA79DFFA /* MissAVExtractor.swift in Sources */,
				AF553B9CD8A345438DAB576C /* SiteExtractor.swift in Sources */,
				787FB88A8B054142A9CCACDC /* SupJavExtractor.swift in Sources */,
				166D57A1386E46979FA51C4A /* ExtractedVideo.swift in Sources */,
				79011BEEC1DD443F803F1A33 /* ExtractionError.swift in Sources */,
				F280B753A6C94266B6B90E59 /* VideoListing.swift in Sources */,
				96CE6C5EDEF74AD8B4A30700 /* HLSVariantSelector.swift in Sources */,
				DC275780297F4F2DAC2244A1 /* HTTPClient.swift in Sources */,
				0BA7A7E57BBF419EBA73477F /* PackedJSDecoder.swift in Sources */,
				5672AB30C2CC46D48E405AC7 /* RegexUtils.swift in Sources */,
				F2B1A29CA8654CFABD929033 /* PlaylistBuilder.swift in Sources */,
				AB22F89325394246B3C8BE5A /* ResolutionPreference.swift in Sources */,
				DCA5A7ACCF61496F9A90D257 /* ShareSheet.swift in Sources */,
				A96BF883DB414610A3D8A78E /* VLCOpener.swift in Sources */,
				1DDD9455E4744F33BA488BA0 /* PlaylistJob.swift in Sources */,
				DB085AA919354EA7BA32E3E5 /* QueueStore.swift in Sources */,
				67463FD278844CD3A107FDD1 /* AccountView.swift in Sources */,
				F4CF90EFEB024CDBBC5FF8CB /* AddByURLView.swift in Sources */,
				97CB3AF517134162BA23BA2B /* CategoryListView.swift in Sources */,
				5A00F9D38C1440CD81B0AB64 /* QueueView.swift in Sources */,
				10A0E9FF24BC4E2B842C2818 /* SitesView.swift in Sources */,
				26BA16748C5D408F81DD6A8A /* VideoGridView.swift in Sources */,
			);
			runOnlyForDeploymentPostprocessing = 0;
		};
/* End PBXSourcesBuildPhase section */
/* Begin XCBuildConfiguration section */
		96593A9961894E6F9254DB7A /* Debug */ = {
			isa = XCBuildConfiguration;
			buildSettings = {
				ASSETCATALOG_COMPILER_GENERATE_ASSET_SYMBOLS = NO;
				CLANG_ANALYZER_NONNULL = YES;
				CLANG_ANALYZER_NUMBER_OBJECT_CONVERSION = YES_AGGRESSIVE;
				CLANG_CXX_LANGUAGE_STANDARD = "gnu++20";
				CLANG_ENABLE_MODULES = YES;
				CLANG_ENABLE_OBJC_ARC = YES;
				CLANG_ENABLE_OBJC_WEAK = YES;
				CLANG_WARN_BLOCK_CAPTURE_AUTORELEASING = YES;
				CLANG_WARN_BOOL_CONVERSION = YES;
				CLANG_WARN_COMMA = YES;
				CLANG_WARN_CONSTANT_CONVERSION = YES;
				CLANG_WARN_DEPRECATED_OBJC_IMPLEMENTATIONS = YES;
				CLANG_WARN_DIRECT_OBJC_ISA_USAGE = YES_ERROR;
				CLANG_WARN_DOCUMENTATION_COMMENTS = YES;
				CLANG_WARN_EMPTY_BODY = YES;
				CLANG_WARN_ENUM_CONVERSION = YES;
				CLANG_WARN_INFINITE_RECURSION = YES;
				CLANG_WARN_INT_CONVERSION = YES;
				CLANG_WARN_NON_LITERAL_NULL_CONVERSION = YES;
				CLANG_WARN_OBJC_IMPLICIT_RETAIN_SELF = YES;
				CLANG_WARN_OBJC_LITERAL_CONVERSION = YES;
				CLANG_WARN_OBJC_ROOT_CLASS = YES_ERROR;
				CLANG_WARN_QUOTED_INCLUDE_IN_FRAMEWORK_HEADER = YES;
				CLANG_WARN_RANGE_LOOP_ANALYSIS = YES;
				CLANG_WARN_STRICT_PROTOTYPES = YES;
				CLANG_WARN_SUSPICIOUS_MOVE = YES;
				CLANG_WARN_UNGUARDED_AVAILABILITY = YES_AGGRESSIVE;
				CLANG_WARN_UNREACHABLE_CODE = YES;
				CLANG_WARN__DUPLICATE_METHOD_MATCH = YES;
				COPY_PHASE_STRIP = NO;
				ENABLE_STRICT_OBJC_MSGSEND = YES;
				ENABLE_USER_SCRIPT_SANDBOXING = YES;
				GCC_C_LANGUAGE_STANDARD = gnu17;
				GCC_NO_COMMON_BLOCKS = YES;
				GCC_WARN_64_TO_32_BIT_CONVERSION = YES;
				GCC_WARN_ABOUT_RETURN_TYPE = YES_ERROR;
				GCC_WARN_UNDECLARED_SELECTOR = YES;
				GCC_WARN_UNINITIALIZED_AUTOS = YES_AGGRESSIVE;
				GCC_WARN_UNUSED_FUNCTION = YES;
				GCC_WARN_UNUSED_VARIABLE = YES;
				IPHONEOS_DEPLOYMENT_TARGET = 17.0;
				MTL_FAST_MATH = YES;
				SDKROOT = iphoneos;
				SWIFT_EMIT_LOC_STRINGS = YES;
				SWIFT_VERSION = 5.0;
				DEBUG_INFORMATION_FORMAT = dwarf;
				ENABLE_TESTABILITY = YES;
				GCC_DYNAMIC_NO_PIC = NO;
				GCC_OPTIMIZATION_LEVEL = 0;
				GCC_PREPROCESSOR_DEFINITIONS = (
					"DEBUG=1",
					"$(inherited)",
				);
				MTL_ENABLE_DEBUG_INFO = INCLUDE_SOURCE;
				ONLY_ACTIVE_ARCH = YES;
				SWIFT_ACTIVE_COMPILATION_CONDITIONS = DEBUG;
				SWIFT_OPTIMIZATION_LEVEL = "-Onone";
			};
			name = Debug;
		};
		532315E3D8D341AAA438D30F /* Release */ = {
			isa = XCBuildConfiguration;
			buildSettings = {
				ASSETCATALOG_COMPILER_GENERATE_ASSET_SYMBOLS = NO;
				CLANG_ANALYZER_NONNULL = YES;
				CLANG_ANALYZER_NUMBER_OBJECT_CONVERSION = YES_AGGRESSIVE;
				CLANG_CXX_LANGUAGE_STANDARD = "gnu++20";
				CLANG_ENABLE_MODULES = YES;
				CLANG_ENABLE_OBJC_ARC = YES;
				CLANG_ENABLE_OBJC_WEAK = YES;
				CLANG_WARN_BLOCK_CAPTURE_AUTORELEASING = YES;
				CLANG_WARN_BOOL_CONVERSION = YES;
				CLANG_WARN_COMMA = YES;
				CLANG_WARN_CONSTANT_CONVERSION = YES;
				CLANG_WARN_DEPRECATED_OBJC_IMPLEMENTATIONS = YES;
				CLANG_WARN_DIRECT_OBJC_ISA_USAGE = YES_ERROR;
				CLANG_WARN_DOCUMENTATION_COMMENTS = YES;
				CLANG_WARN_EMPTY_BODY = YES;
				CLANG_WARN_ENUM_CONVERSION = YES;
				CLANG_WARN_INFINITE_RECURSION = YES;
				CLANG_WARN_INT_CONVERSION = YES;
				CLANG_WARN_NON_LITERAL_NULL_CONVERSION = YES;
				CLANG_WARN_OBJC_IMPLICIT_RETAIN_SELF = YES;
				CLANG_WARN_OBJC_LITERAL_CONVERSION = YES;
				CLANG_WARN_OBJC_ROOT_CLASS = YES_ERROR;
				CLANG_WARN_QUOTED_INCLUDE_IN_FRAMEWORK_HEADER = YES;
				CLANG_WARN_RANGE_LOOP_ANALYSIS = YES;
				CLANG_WARN_STRICT_PROTOTYPES = YES;
				CLANG_WARN_SUSPICIOUS_MOVE = YES;
				CLANG_WARN_UNGUARDED_AVAILABILITY = YES_AGGRESSIVE;
				CLANG_WARN_UNREACHABLE_CODE = YES;
				CLANG_WARN__DUPLICATE_METHOD_MATCH = YES;
				COPY_PHASE_STRIP = NO;
				ENABLE_STRICT_OBJC_MSGSEND = YES;
				ENABLE_USER_SCRIPT_SANDBOXING = YES;
				GCC_C_LANGUAGE_STANDARD = gnu17;
				GCC_NO_COMMON_BLOCKS = YES;
				GCC_WARN_64_TO_32_BIT_CONVERSION = YES;
				GCC_WARN_ABOUT_RETURN_TYPE = YES_ERROR;
				GCC_WARN_UNDECLARED_SELECTOR = YES;
				GCC_WARN_UNINITIALIZED_AUTOS = YES_AGGRESSIVE;
				GCC_WARN_UNUSED_FUNCTION = YES;
				GCC_WARN_UNUSED_VARIABLE = YES;
				IPHONEOS_DEPLOYMENT_TARGET = 17.0;
				MTL_FAST_MATH = YES;
				SDKROOT = iphoneos;
				SWIFT_EMIT_LOC_STRINGS = YES;
				SWIFT_VERSION = 5.0;
				DEBUG_INFORMATION_FORMAT = "dwarf-with-dsym";
				ENABLE_NS_ASSERTIONS = NO;
				MTL_ENABLE_DEBUG_INFO = NO;
				SWIFT_COMPILATION_MODE = wholemodule;
				VALIDATE_PRODUCT = YES;
			};
			name = Release;
		};
		70F02B166F5A4731B86000AF /* Debug */ = {
			isa = XCBuildConfiguration;
			buildSettings = {
				CODE_SIGN_STYLE = Automatic;
				CURRENT_PROJECT_VERSION = 1;
				GENERATE_INFOPLIST_FILE = YES;
				INFOPLIST_FILE = "Support/Info-Additions.plist";
				INFOPLIST_KEY_CFBundleDisplayName = "UAV Playlist";
				INFOPLIST_KEY_UIApplicationSupportsIndirectInputEvents = YES;
				INFOPLIST_KEY_UILaunchScreen_Generation = YES;
				INFOPLIST_KEY_UISupportedInterfaceOrientations = "UIInterfaceOrientationPortrait UIInterfaceOrientationLandscapeLeft UIInterfaceOrientationLandscapeRight";
				LD_RUNPATH_SEARCH_PATHS = (
					"$(inherited)",
					"@executable_path/Frameworks",
				);
				MARKETING_VERSION = 1.0;
				PRODUCT_BUNDLE_IDENTIFIER = "com.uavdownloader.playlist";
				PRODUCT_NAME = "$(TARGET_NAME)";
				SWIFT_EMIT_LOC_STRINGS = YES;
				TARGETED_DEVICE_FAMILY = 1;
			};
			name = Debug;
		};
		89E9F1500B5F4CF48D4D0649 /* Release */ = {
			isa = XCBuildConfiguration;
			buildSettings = {
				CODE_SIGN_STYLE = Automatic;
				CURRENT_PROJECT_VERSION = 1;
				GENERATE_INFOPLIST_FILE = YES;
				INFOPLIST_FILE = "Support/Info-Additions.plist";
				INFOPLIST_KEY_CFBundleDisplayName = "UAV Playlist";
				INFOPLIST_KEY_UIApplicationSupportsIndirectInputEvents = YES;
				INFOPLIST_KEY_UILaunchScreen_Generation = YES;
				INFOPLIST_KEY_UISupportedInterfaceOrientations = "UIInterfaceOrientationPortrait UIInterfaceOrientationLandscapeLeft UIInterfaceOrientationLandscapeRight";
				LD_RUNPATH_SEARCH_PATHS = (
					"$(inherited)",
					"@executable_path/Frameworks",
				);
				MARKETING_VERSION = 1.0;
				PRODUCT_BUNDLE_IDENTIFIER = "com.uavdownloader.playlist";
				PRODUCT_NAME = "$(TARGET_NAME)";
				SWIFT_EMIT_LOC_STRINGS = YES;
				TARGETED_DEVICE_FAMILY = 1;
			};
			name = Release;
		};
/* End XCBuildConfiguration section */
/* Begin XCConfigurationList section */
		6C2DE0B5EA0F42EC923CA88C /* Build configuration list for PBXProject "UAVPlaylist" */ = {
			isa = XCConfigurationList;
			buildConfigurations = (
				96593A9961894E6F9254DB7A /* Debug */,
				532315E3D8D341AAA438D30F /* Release */,
			);
			defaultConfigurationIsVisible = 0;
			defaultConfigurationName = Release;
		};
		58F13A1414C64300A0EDDC99 /* Build configuration list for PBXNativeTarget "UAVPlaylist" */ = {
			isa = XCConfigurationList;
			buildConfigurations = (
				70F02B166F5A4731B86000AF /* Debug */,
				89E9F1500B5F4CF48D4D0649 /* Release */,
			);
			defaultConfigurationIsVisible = 0;
			defaultConfigurationName = Release;
		};
/* End XCConfigurationList section */
/* Begin XCRemoteSwiftPackageReference section */
		D9F6285534DB4A0CB9D73ACC /* XCRemoteSwiftPackageReference "SwiftSoup" */ = {
			isa = XCRemoteSwiftPackageReference;
			repositoryURL = "https://github.com/scinfu/SwiftSoup.git";
			requirement = {
				kind = upToNextMajorVersion;
				minimumVersion = 2.7.0;
			};
		};
/* End XCRemoteSwiftPackageReference section */
/* Begin XCSwiftPackageProductDependency section */
		FFFD635EE2724159BC8D039F /* SwiftSoup */ = {
			isa = XCSwiftPackageProductDependency;
			package = D9F6285534DB4A0CB9D73ACC /* XCRemoteSwiftPackageReference "SwiftSoup" */;
			productName = SwiftSoup;
		};
/* End XCSwiftPackageProductDependency section */
	};
	rootObject = 1128817B22B647EE811D7267 /* Project object */;
}
